// !$*UTF8*$!
{
	archiveVersion = 1;
	classes = {
	};
	objectVersion = 56;
	objects = {

/* Begin PBXBuildFile section */
		2F11E04A2C3F10E300A3629C /* ItemUndoButton.swift in Sources */ = {isa = PBXBuildFile; fileRef = 2FD840592C3F0D780030C443 /* ItemUndoButton.swift */; };
		2F11E04C2C3F1ABC00A3629C /* ItemCache.swift in Sources */ = {isa = PBXBuildFile; fileRef = 2F11E04B2C3F1ABC00A3629C /* ItemCache.swift */; };
		2F11E04D2C3F1AC000A3629C /* ItemCache.swift in Sources */ = {isa = PBXBuildFile; fileRef = 2F11E04B2C3F1ABC00A3629C /* ItemCache.swift */; };
		2F11E04F2C3FF4F500A3629C /* NoteCache.swift in Sources */ = {isa = PBXBuildFile; fileRef = 2F11E04E2C3FF4F500A3629C /* NoteCache.swift */; };
		2F11E0502C3FF4F500A3629C /* NoteCache.swift in Sources */ = {isa = PBXBuildFile; fileRef = 2F11E04E2C3FF4F500A3629C /* NoteCache.swift */; };
		2F11E0522C402FA800A3629C /* NoteUndoButton.swift in Sources */ = {isa = PBXBuildFile; fileRef = 2F11E0512C402FA800A3629C /* NoteUndoButton.swift */; };
		2F11E0532C402FA800A3629C /* NoteUndoButton.swift in Sources */ = {isa = PBXBuildFile; fileRef = 2F11E0512C402FA800A3629C /* NoteUndoButton.swift */; };
		2F1B6CF02AFBD9C500377207 /* NewNoteView.swift in Sources */ = {isa = PBXBuildFile; fileRef = 2F1B6CEF2AFBD9C500377207 /* NewNoteView.swift */; };
		2F1B6D122AFD445A00377207 /* ItemDetailsView.swift in Sources */ = {isa = PBXBuildFile; fileRef = 2F1B6D112AFD445A00377207 /* ItemDetailsView.swift */; };
		2F1B6D142AFD94FA00377207 /* ItemStore.swift in Sources */ = {isa = PBXBuildFile; fileRef = 2F1B6D132AFD94FA00377207 /* ItemStore.swift */; };
		2F1B6D162AFFCBA600377207 /* ItemRowView.swift in Sources */ = {isa = PBXBuildFile; fileRef = 2F1B6D152AFFCBA600377207 /* ItemRowView.swift */; };
		2F1B6D182B0134C300377207 /* NoteStore.swift in Sources */ = {isa = PBXBuildFile; fileRef = 2F1B6D172B0134C200377207 /* NoteStore.swift */; };
		2F1B6D1A2B01370100377207 /* NoteRowView.swift in Sources */ = {isa = PBXBuildFile; fileRef = 2F1B6D192B01370100377207 /* NoteRowView.swift */; };
		2F1B6D1C2B01371900377207 /* NoteDetailsView.swift in Sources */ = {isa = PBXBuildFile; fileRef = 2F1B6D1B2B01371900377207 /* NoteDetailsView.swift */; };
		2F216D582C333E43008CA3D4 /* Character.swift in Sources */ = {isa = PBXBuildFile; fileRef = 2F216D572C333E43008CA3D4 /* Character.swift */; };
		2F66E15C2AF3F7DC00A007F4 /* NewItemView.swift in Sources */ = {isa = PBXBuildFile; fileRef = 2F66E15B2AF3F7DC00A007F4 /* NewItemView.swift */; };
		2F66E1612AF3FA2300A007F4 /* ButtonStyle.swift in Sources */ = {isa = PBXBuildFile; fileRef = 2F66E1602AF3FA2300A007F4 /* ButtonStyle.swift */; };
		2F66E1672AF5671C00A007F4 /* PersistenceController.swift in Sources */ = {isa = PBXBuildFile; fileRef = 2F66E1662AF5671C00A007F4 /* PersistenceController.swift */; };
		2F7561472C4484BA008D7BE5 /* View.swift in Sources */ = {isa = PBXBuildFile; fileRef = 2F7561462C4484BA008D7BE5 /* View.swift */; };
		2F75614B2C44913C008D7BE5 /* TextFieldView.swift in Sources */ = {isa = PBXBuildFile; fileRef = 2F75614A2C44913C008D7BE5 /* TextFieldView.swift */; };
		2F75614D2C4493D0008D7BE5 /* CancelButtonStyle.swift in Sources */ = {isa = PBXBuildFile; fileRef = 2F75614C2C4493D0008D7BE5 /* CancelButtonStyle.swift */; };
		2F7561502C449564008D7BE5 /* SaveButtonStyle.swift in Sources */ = {isa = PBXBuildFile; fileRef = 2F75614F2C449564008D7BE5 /* SaveButtonStyle.swift */; };
		2F7F0E262AF96EF700979951 /* Color.swift in Sources */ = {isa = PBXBuildFile; fileRef = 2F7F0E252AF96EF700979951 /* Color.swift */; };
		2F7F0E282AF98BC900979951 /* SettingsView.swift in Sources */ = {isa = PBXBuildFile; fileRef = 2F7F0E272AF98BC900979951 /* SettingsView.swift */; };
		2FA93C002B37496500A1F994 /* RestoreQuantityButton.swift in Sources */ = {isa = PBXBuildFile; fileRef = 2FA93BFF2B37496500A1F994 /* RestoreQuantityButton.swift */; };
		2FA93C022B38555F00A1F994 /* ShakeEffect.swift in Sources */ = {isa = PBXBuildFile; fileRef = 2FA93C012B38555F00A1F994 /* ShakeEffect.swift */; };
		2FB558EC2AF3D77F002362AB /* TextEditor.swift in Sources */ = {isa = PBXBuildFile; fileRef = 2FB558EB2AF3D77F002362AB /* TextEditor.swift */; };
		2FB81D3F2AF30CA300ECD374 /* Binding.swift in Sources */ = {isa = PBXBuildFile; fileRef = 2FB81D3E2AF30CA300ECD374 /* Binding.swift */; };
		2FBD25702AF2878300C26DA3 /* PantryApp.swift in Sources */ = {isa = PBXBuildFile; fileRef = 2FBD256F2AF2878300C26DA3 /* PantryApp.swift */; };
		2FBD25722AF2878300C26DA3 /* Persistence.swift in Sources */ = {isa = PBXBuildFile; fileRef = 2FBD25712AF2878300C26DA3 /* Persistence.swift */; };
		2FBD25752AF2878300C26DA3 /* Pantry.xcdatamodeld in Sources */ = {isa = PBXBuildFile; fileRef = 2FBD25732AF2878300C26DA3 /* Pantry.xcdatamodeld */; };
		2FBD25772AF2878300C26DA3 /* ContentView.swift in Sources */ = {isa = PBXBuildFile; fileRef = 2FBD25762AF2878300C26DA3 /* ContentView.swift */; };
		2FBD25792AF2878400C26DA3 /* Assets.xcassets in Resources */ = {isa = PBXBuildFile; fileRef = 2FBD25782AF2878400C26DA3 /* Assets.xcassets */; };
		2FBD257D2AF2878400C26DA3 /* Preview Assets.xcassets in Resources */ = {isa = PBXBuildFile; fileRef = 2FBD257C2AF2878400C26DA3 /* Preview Assets.xcassets */; };
		2FBD25842AF290AE00C26DA3 /* String.swift in Sources */ = {isa = PBXBuildFile; fileRef = 2FBD25832AF290AE00C26DA3 /* String.swift */; };
		2FBD25862AF2C3A600C26DA3 /* Formatter.swift in Sources */ = {isa = PBXBuildFile; fileRef = 2FBD25852AF2C3A600C26DA3 /* Formatter.swift */; };
		2FCEF3662B168F4700E5DCCA /* UITextField.swift in Sources */ = {isa = PBXBuildFile; fileRef = 2FCEF3642B168F4700E5DCCA /* UITextField.swift */; };
		2FCEF36A2B1E1F3700E5DCCA /* SettingsButton.swift in Sources */ = {isa = PBXBuildFile; fileRef = 2FCEF3692B1E1F3700E5DCCA /* SettingsButton.swift */; };
		2FCEF36E2B1E59A100E5DCCA /* EditModeButton.swift in Sources */ = {isa = PBXBuildFile; fileRef = 2FCEF36D2B1E59A100E5DCCA /* EditModeButton.swift */; };
		2FCEF3722B1E601900E5DCCA /* SelectAllNotesButtonView.swift in Sources */ = {isa = PBXBuildFile; fileRef = 2FCEF3712B1E601900E5DCCA /* SelectAllNotesButtonView.swift */; };
		2FCEF3742B1E614300E5DCCA /* NoteDeleteButton.swift in Sources */ = {isa = PBXBuildFile; fileRef = 2FCEF3732B1E614300E5DCCA /* NoteDeleteButton.swift */; };
		2FCEF3772B1E64CE00E5DCCA /* ItemDebugButtons.swift in Sources */ = {isa = PBXBuildFile; fileRef = 2FCEF3762B1E64CE00E5DCCA /* ItemDebugButtons.swift */; };
		2FCEF3792B1E657800E5DCCA /* EmojiEditLockButton.swift in Sources */ = {isa = PBXBuildFile; fileRef = 2FCEF3782B1E657800E5DCCA /* EmojiEditLockButton.swift */; };
		2FCEF37D2B1E70CD00E5DCCA /* SelectAllItemsButton.swift in Sources */ = {isa = PBXBuildFile; fileRef = 2FCEF37C2B1E70CD00E5DCCA /* SelectAllItemsButton.swift */; };
		2FCEF37F2B1E70D900E5DCCA /* ItemDeleteButton.swift in Sources */ = {isa = PBXBuildFile; fileRef = 2FCEF37E2B1E70D900E5DCCA /* ItemDeleteButton.swift */; };
		2FCEF3812B1E730C00E5DCCA /* PinnedNotesButton.swift in Sources */ = {isa = PBXBuildFile; fileRef = 2FCEF3802B1E730C00E5DCCA /* PinnedNotesButton.swift */; };
		2FCEF3832B1E739900E5DCCA /* NoteDebugButtons.swift in Sources */ = {isa = PBXBuildFile; fileRef = 2FCEF3822B1E739900E5DCCA /* NoteDebugButtons.swift */; };
		2FD840242C3D71DD0030C443 /* PersistenceController.swift in Sources */ = {isa = PBXBuildFile; fileRef = 2F66E1662AF5671C00A007F4 /* PersistenceController.swift */; };
		2FD840252C3D71DD0030C443 /* AppLogoView.swift in Sources */ = {isa = PBXBuildFile; fileRef = 2FEF11172B44B7B40066DE69 /* AppLogoView.swift */; };
		2FD840262C3D71DD0030C443 /* NoteDebugButtons.swift in Sources */ = {isa = PBXBuildFile; fileRef = 2FCEF3822B1E739900E5DCCA /* NoteDebugButtons.swift */; };
		2FD840272C3D71DD0030C443 /* UITextField.swift in Sources */ = {isa = PBXBuildFile; fileRef = 2FCEF3642B168F4700E5DCCA /* UITextField.swift */; };
		2FD840282C3D71DD0030C443 /* NewItemView.swift in Sources */ = {isa = PBXBuildFile; fileRef = 2F66E15B2AF3F7DC00A007F4 /* NewItemView.swift */; };
		2FD840292C3D71DD0030C443 /* Formatter.swift in Sources */ = {isa = PBXBuildFile; fileRef = 2FBD25852AF2C3A600C26DA3 /* Formatter.swift */; };
		2FD8402A2C3D71DD0030C443 /* ItemDebugButtons.swift in Sources */ = {isa = PBXBuildFile; fileRef = 2FCEF3762B1E64CE00E5DCCA /* ItemDebugButtons.swift */; };
		2FD8402B2C3D71DD0030C443 /* PantryApp.swift in Sources */ = {isa = PBXBuildFile; fileRef = 2FBD256F2AF2878300C26DA3 /* PantryApp.swift */; };
		2FD8402C2C3D71DD0030C443 /* NewNoteView.swift in Sources */ = {isa = PBXBuildFile; fileRef = 2F1B6CEF2AFBD9C500377207 /* NewNoteView.swift */; };
		2FD8402D2C3D71DD0030C443 /* SelectAllNotesButtonView.swift in Sources */ = {isa = PBXBuildFile; fileRef = 2FCEF3712B1E601900E5DCCA /* SelectAllNotesButtonView.swift */; };
		2FD8402F2C3D71DD0030C443 /* PinnedNotesButton.swift in Sources */ = {isa = PBXBuildFile; fileRef = 2FCEF3802B1E730C00E5DCCA /* PinnedNotesButton.swift */; };
		2FD840302C3D71DD0030C443 /* Pantry.xcdatamodeld in Sources */ = {isa = PBXBuildFile; fileRef = 2FBD25732AF2878300C26DA3 /* Pantry.xcdatamodeld */; };
		2FD840312C3D71DD0030C443 /* NoteDeleteButton.swift in Sources */ = {isa = PBXBuildFile; fileRef = 2FCEF3732B1E614300E5DCCA /* NoteDeleteButton.swift */; };
		2FD840322C3D71DD0030C443 /* NoteStore.swift in Sources */ = {isa = PBXBuildFile; fileRef = 2F1B6D172B0134C200377207 /* NoteStore.swift */; };
		2FD840332C3D71DD0030C443 /* ItemDeleteButton.swift in Sources */ = {isa = PBXBuildFile; fileRef = 2FCEF37E2B1E70D900E5DCCA /* ItemDeleteButton.swift */; };
		2FD840342C3D71DD0030C443 /* Binding.swift in Sources */ = {isa = PBXBuildFile; fileRef = 2FB81D3E2AF30CA300ECD374 /* Binding.swift */; };
		2FD840352C3D71DD0030C443 /* BiometricStore.swift in Sources */ = {isa = PBXBuildFile; fileRef = 2FE1834E2B03E35000F7CEF7 /* BiometricStore.swift */; };
		2FD840362C3D71DD0030C443 /* Color.swift in Sources */ = {isa = PBXBuildFile; fileRef = 2F7F0E252AF96EF700979951 /* Color.swift */; };
		2FD840372C3D71DD0030C443 /* SettingsView.swift in Sources */ = {isa = PBXBuildFile; fileRef = 2F7F0E272AF98BC900979951 /* SettingsView.swift */; };
		2FD840382C3D71DD0030C443 /* BiometricService.swift in Sources */ = {isa = PBXBuildFile; fileRef = 2FE1834C2B03E2E000F7CEF7 /* BiometricService.swift */; };
		2FD840392C3D71DD0030C443 /* String.swift in Sources */ = {isa = PBXBuildFile; fileRef = 2FBD25832AF290AE00C26DA3 /* String.swift */; };
		2FD8403A2C3D71DD0030C443 /* ContentView.swift in Sources */ = {isa = PBXBuildFile; fileRef = 2FBD25762AF2878300C26DA3 /* ContentView.swift */; };
		2FD8403B2C3D71DD0030C443 /* LoginView.swift in Sources */ = {isa = PBXBuildFile; fileRef = 2FE30D622B04309E00927FC6 /* LoginView.swift */; };
		2FD8403C2C3D71DD0030C443 /* ItemRowView.swift in Sources */ = {isa = PBXBuildFile; fileRef = 2F1B6D152AFFCBA600377207 /* ItemRowView.swift */; };
		2FD8403D2C3D71DD0030C443 /* SettingsButton.swift in Sources */ = {isa = PBXBuildFile; fileRef = 2FCEF3692B1E1F3700E5DCCA /* SettingsButton.swift */; };
		2FD8403E2C3D71DD0030C443 /* Persistence.swift in Sources */ = {isa = PBXBuildFile; fileRef = 2FBD25712AF2878300C26DA3 /* Persistence.swift */; };
		2FD8403F2C3D71DD0030C443 /* SelectAllItemsButton.swift in Sources */ = {isa = PBXBuildFile; fileRef = 2FCEF37C2B1E70CD00E5DCCA /* SelectAllItemsButton.swift */; };
		2FD840402C3D71DD0030C443 /* TextEditor.swift in Sources */ = {isa = PBXBuildFile; fileRef = 2FB558EB2AF3D77F002362AB /* TextEditor.swift */; };
		2FD840412C3D71DD0030C443 /* ButtonStyle.swift in Sources */ = {isa = PBXBuildFile; fileRef = 2F66E1602AF3FA2300A007F4 /* ButtonStyle.swift */; };
		2FD840422C3D71DD0030C443 /* SyncMonitor.swift in Sources */ = {isa = PBXBuildFile; fileRef = 2FF4C2B62B04408800D7700E /* SyncMonitor.swift */; };
		2FD840432C3D71DD0030C443 /* Character.swift in Sources */ = {isa = PBXBuildFile; fileRef = 2F216D572C333E43008CA3D4 /* Character.swift */; };
		2FD840442C3D71DD0030C443 /* EmojiEditLockButton.swift in Sources */ = {isa = PBXBuildFile; fileRef = 2FCEF3782B1E657800E5DCCA /* EmojiEditLockButton.swift */; };
		2FD840452C3D71DD0030C443 /* NoteRowView.swift in Sources */ = {isa = PBXBuildFile; fileRef = 2F1B6D192B01370100377207 /* NoteRowView.swift */; };
		2FD840462C3D71DD0030C443 /* EditModeButton.swift in Sources */ = {isa = PBXBuildFile; fileRef = 2FCEF36D2B1E59A100E5DCCA /* EditModeButton.swift */; };
		2FD840472C3D71DD0030C443 /* AuthenticationView.swift in Sources */ = {isa = PBXBuildFile; fileRef = 2FE183502B03E38C00F7CEF7 /* AuthenticationView.swift */; };
		2FD840482C3D71DD0030C443 /* ItemStore.swift in Sources */ = {isa = PBXBuildFile; fileRef = 2F1B6D132AFD94FA00377207 /* ItemStore.swift */; };
		2FD840492C3D71DD0030C443 /* ItemDetailsView.swift in Sources */ = {isa = PBXBuildFile; fileRef = 2F1B6D112AFD445A00377207 /* ItemDetailsView.swift */; };
		2FD8404A2C3D71DD0030C443 /* RestoreQuantityButton.swift in Sources */ = {isa = PBXBuildFile; fileRef = 2FA93BFF2B37496500A1F994 /* RestoreQuantityButton.swift */; };
		2FD8404B2C3D71DD0030C443 /* ShakeEffect.swift in Sources */ = {isa = PBXBuildFile; fileRef = 2FA93C012B38555F00A1F994 /* ShakeEffect.swift */; };
		2FD8404C2C3D71DD0030C443 /* NoteDetailsView.swift in Sources */ = {isa = PBXBuildFile; fileRef = 2F1B6D1B2B01371900377207 /* NoteDetailsView.swift */; };
		2FD8404F2C3D71DD0030C443 /* app-store-2.png in Resources */ = {isa = PBXBuildFile; fileRef = 2FEF111B2B44BB340066DE69 /* app-store-2.png */; };
		2FD840502C3D71DD0030C443 /* basket.png in Resources */ = {isa = PBXBuildFile; fileRef = 2FEF11192B44B9340066DE69 /* basket.png */; };
		2FD840512C3D71DD0030C443 /* Preview Assets.xcassets in Resources */ = {isa = PBXBuildFile; fileRef = 2FBD257C2AF2878400C26DA3 /* Preview Assets.xcassets */; };
		2FD840522C3D71DD0030C443 /* app-store.png in Resources */ = {isa = PBXBuildFile; fileRef = 2FEF111C2B44BB340066DE69 /* app-store.png */; };
		2FD840532C3D71DD0030C443 /* Assets.xcassets in Resources */ = {isa = PBXBuildFile; fileRef = 2FBD25782AF2878400C26DA3 /* Assets.xcassets */; };
		2FD8405A2C3F0D780030C443 /* ItemUndoButton.swift in Sources */ = {isa = PBXBuildFile; fileRef = 2FD840592C3F0D780030C443 /* ItemUndoButton.swift */; };
		2FE1834D2B03E2E000F7CEF7 /* BiometricService.swift in Sources */ = {isa = PBXBuildFile; fileRef = 2FE1834C2B03E2E000F7CEF7 /* BiometricService.swift */; };
		2FE1834F2B03E35000F7CEF7 /* BiometricStore.swift in Sources */ = {isa = PBXBuildFile; fileRef = 2FE1834E2B03E35000F7CEF7 /* BiometricStore.swift */; };
		2FE183512B03E38C00F7CEF7 /* AuthenticationView.swift in Sources */ = {isa = PBXBuildFile; fileRef = 2FE183502B03E38C00F7CEF7 /* AuthenticationView.swift */; };
		2FE30D632B04309E00927FC6 /* LoginView.swift in Sources */ = {isa = PBXBuildFile; fileRef = 2FE30D622B04309E00927FC6 /* LoginView.swift */; };
		2FEF11182B44B7B40066DE69 /* AppLogoView.swift in Sources */ = {isa = PBXBuildFile; fileRef = 2FEF11172B44B7B40066DE69 /* AppLogoView.swift */; };
		2FEF111A2B44B9340066DE69 /* basket.png in Resources */ = {isa = PBXBuildFile; fileRef = 2FEF11192B44B9340066DE69 /* basket.png */; };
		2FEF111D2B44BB340066DE69 /* app-store-2.png in Resources */ = {isa = PBXBuildFile; fileRef = 2FEF111B2B44BB340066DE69 /* app-store-2.png */; };
		2FEF111E2B44BB340066DE69 /* app-store.png in Resources */ = {isa = PBXBuildFile; fileRef = 2FEF111C2B44BB340066DE69 /* app-store.png */; };
		2FF4C2B72B04408800D7700E /* SyncMonitor.swift in Sources */ = {isa = PBXBuildFile; fileRef = 2FF4C2B62B04408800D7700E /* SyncMonitor.swift */; };
/* End PBXBuildFile section */

/* Begin PBXFileReference section */
		2F11E04B2C3F1ABC00A3629C /* ItemCache.swift */ = {isa = PBXFileReference; lastKnownFileType = sourcecode.swift; path = ItemCache.swift; sourceTree = "<group>"; };
		2F11E04E2C3FF4F500A3629C /* NoteCache.swift */ = {isa = PBXFileReference; lastKnownFileType = sourcecode.swift; path = NoteCache.swift; sourceTree = "<group>"; };
		2F11E0512C402FA800A3629C /* NoteUndoButton.swift */ = {isa = PBXFileReference; lastKnownFileType = sourcecode.swift; path = NoteUndoButton.swift; sourceTree = "<group>"; };
		2F1B6CEF2AFBD9C500377207 /* NewNoteView.swift */ = {isa = PBXFileReference; lastKnownFileType = sourcecode.swift; path = NewNoteView.swift; sourceTree = "<group>"; };
		2F1B6D112AFD445A00377207 /* ItemDetailsView.swift */ = {isa = PBXFileReference; lastKnownFileType = sourcecode.swift; path = ItemDetailsView.swift; sourceTree = "<group>"; };
		2F1B6D132AFD94FA00377207 /* ItemStore.swift */ = {isa = PBXFileReference; lastKnownFileType = sourcecode.swift; path = ItemStore.swift; sourceTree = "<group>"; };
		2F1B6D152AFFCBA600377207 /* ItemRowView.swift */ = {isa = PBXFileReference; lastKnownFileType = sourcecode.swift; path = ItemRowView.swift; sourceTree = "<group>"; };
		2F1B6D172B0134C200377207 /* NoteStore.swift */ = {isa = PBXFileReference; lastKnownFileType = sourcecode.swift; path = NoteStore.swift; sourceTree = "<group>"; };
		2F1B6D192B01370100377207 /* NoteRowView.swift */ = {isa = PBXFileReference; lastKnownFileType = sourcecode.swift; path = NoteRowView.swift; sourceTree = "<group>"; };
		2F1B6D1B2B01371900377207 /* NoteDetailsView.swift */ = {isa = PBXFileReference; lastKnownFileType = sourcecode.swift; path = NoteDetailsView.swift; sourceTree = "<group>"; };
		2F216D572C333E43008CA3D4 /* Character.swift */ = {isa = PBXFileReference; lastKnownFileType = sourcecode.swift; path = Character.swift; sourceTree = "<group>"; };
		2F66E15B2AF3F7DC00A007F4 /* NewItemView.swift */ = {isa = PBXFileReference; lastKnownFileType = sourcecode.swift; path = NewItemView.swift; sourceTree = "<group>"; };
		2F66E1602AF3FA2300A007F4 /* ButtonStyle.swift */ = {isa = PBXFileReference; lastKnownFileType = sourcecode.swift; path = ButtonStyle.swift; sourceTree = "<group>"; };
		2F66E1662AF5671C00A007F4 /* PersistenceController.swift */ = {isa = PBXFileReference; lastKnownFileType = sourcecode.swift; path = PersistenceController.swift; sourceTree = "<group>"; };
		2F7561462C4484BA008D7BE5 /* View.swift */ = {isa = PBXFileReference; lastKnownFileType = sourcecode.swift; path = View.swift; sourceTree = "<group>"; };
		2F75614A2C44913C008D7BE5 /* TextFieldView.swift */ = {isa = PBXFileReference; lastKnownFileType = sourcecode.swift; path = TextFieldView.swift; sourceTree = "<group>"; };
		2F75614C2C4493D0008D7BE5 /* CancelButtonStyle.swift */ = {isa = PBXFileReference; lastKnownFileType = sourcecode.swift; path = CancelButtonStyle.swift; sourceTree = "<group>"; };
		2F75614F2C449564008D7BE5 /* SaveButtonStyle.swift */ = {isa = PBXFileReference; lastKnownFileType = sourcecode.swift; path = SaveButtonStyle.swift; sourceTree = "<group>"; };
		2F7F0E252AF96EF700979951 /* Color.swift */ = {isa = PBXFileReference; lastKnownFileType = sourcecode.swift; path = Color.swift; sourceTree = "<group>"; };
		2F7F0E272AF98BC900979951 /* SettingsView.swift */ = {isa = PBXFileReference; lastKnownFileType = sourcecode.swift; path = SettingsView.swift; sourceTree = "<group>"; };
		2FA93BFF2B37496500A1F994 /* RestoreQuantityButton.swift */ = {isa = PBXFileReference; fileEncoding = 4; lastKnownFileType = sourcecode.swift; path = RestoreQuantityButton.swift; sourceTree = "<group>"; };
		2FA93C012B38555F00A1F994 /* ShakeEffect.swift */ = {isa = PBXFileReference; lastKnownFileType = sourcecode.swift; path = ShakeEffect.swift; sourceTree = "<group>"; };
		2FB558EB2AF3D77F002362AB /* TextEditor.swift */ = {isa = PBXFileReference; lastKnownFileType = sourcecode.swift; path = TextEditor.swift; sourceTree = "<group>"; };
		2FB81D3E2AF30CA300ECD374 /* Binding.swift */ = {isa = PBXFileReference; lastKnownFileType = sourcecode.swift; path = Binding.swift; sourceTree = "<group>"; };
		2FBD256C2AF2878300C26DA3 /* PantryPal.app */ = {isa = PBXFileReference; explicitFileType = wrapper.application; includeInIndex = 0; path = PantryPal.app; sourceTree = BUILT_PRODUCTS_DIR; };
		2FBD256F2AF2878300C26DA3 /* PantryApp.swift */ = {isa = PBXFileReference; lastKnownFileType = sourcecode.swift; path = PantryApp.swift; sourceTree = "<group>"; };
		2FBD25712AF2878300C26DA3 /* Persistence.swift */ = {isa = PBXFileReference; lastKnownFileType = sourcecode.swift; path = Persistence.swift; sourceTree = "<group>"; };
		2FBD25742AF2878300C26DA3 /* Pantry.xcdatamodel */ = {isa = PBXFileReference; lastKnownFileType = wrapper.xcdatamodel; path = Pantry.xcdatamodel; sourceTree = "<group>"; };
		2FBD25762AF2878300C26DA3 /* ContentView.swift */ = {isa = PBXFileReference; lastKnownFileType = sourcecode.swift; path = ContentView.swift; sourceTree = "<group>"; };
		2FBD25782AF2878400C26DA3 /* Assets.xcassets */ = {isa = PBXFileReference; lastKnownFileType = folder.assetcatalog; path = Assets.xcassets; sourceTree = "<group>"; };
		2FBD257A2AF2878400C26DA3 /* Pantry.entitlements */ = {isa = PBXFileReference; lastKnownFileType = text.plist.entitlements; path = Pantry.entitlements; sourceTree = "<group>"; };
		2FBD257C2AF2878400C26DA3 /* Preview Assets.xcassets */ = {isa = PBXFileReference; lastKnownFileType = folder.assetcatalog; path = "Preview Assets.xcassets"; sourceTree = "<group>"; };
		2FBD25832AF290AE00C26DA3 /* String.swift */ = {isa = PBXFileReference; lastKnownFileType = sourcecode.swift; path = String.swift; sourceTree = "<group>"; };
		2FBD25852AF2C3A600C26DA3 /* Formatter.swift */ = {isa = PBXFileReference; lastKnownFileType = sourcecode.swift; path = Formatter.swift; sourceTree = "<group>"; };
		2FCEF3642B168F4700E5DCCA /* UITextField.swift */ = {isa = PBXFileReference; fileEncoding = 4; lastKnownFileType = sourcecode.swift; path = UITextField.swift; sourceTree = "<group>"; };
		2FCEF3692B1E1F3700E5DCCA /* SettingsButton.swift */ = {isa = PBXFileReference; lastKnownFileType = sourcecode.swift; path = SettingsButton.swift; sourceTree = "<group>"; };
		2FCEF36D2B1E59A100E5DCCA /* EditModeButton.swift */ = {isa = PBXFileReference; lastKnownFileType = sourcecode.swift; path = EditModeButton.swift; sourceTree = "<group>"; };
		2FCEF3712B1E601900E5DCCA /* SelectAllNotesButtonView.swift */ = {isa = PBXFileReference; lastKnownFileType = sourcecode.swift; path = SelectAllNotesButtonView.swift; sourceTree = "<group>"; };
		2FCEF3732B1E614300E5DCCA /* NoteDeleteButton.swift */ = {isa = PBXFileReference; lastKnownFileType = sourcecode.swift; path = NoteDeleteButton.swift; sourceTree = "<group>"; };
		2FCEF3762B1E64CE00E5DCCA /* ItemDebugButtons.swift */ = {isa = PBXFileReference; lastKnownFileType = sourcecode.swift; path = ItemDebugButtons.swift; sourceTree = "<group>"; };
		2FCEF3782B1E657800E5DCCA /* EmojiEditLockButton.swift */ = {isa = PBXFileReference; lastKnownFileType = sourcecode.swift; path = EmojiEditLockButton.swift; sourceTree = "<group>"; };
		2FCEF37C2B1E70CD00E5DCCA /* SelectAllItemsButton.swift */ = {isa = PBXFileReference; lastKnownFileType = sourcecode.swift; path = SelectAllItemsButton.swift; sourceTree = "<group>"; };
		2FCEF37E2B1E70D900E5DCCA /* ItemDeleteButton.swift */ = {isa = PBXFileReference; lastKnownFileType = sourcecode.swift; path = ItemDeleteButton.swift; sourceTree = "<group>"; };
		2FCEF3802B1E730C00E5DCCA /* PinnedNotesButton.swift */ = {isa = PBXFileReference; lastKnownFileType = sourcecode.swift; path = PinnedNotesButton.swift; sourceTree = "<group>"; };
		2FCEF3822B1E739900E5DCCA /* NoteDebugButtons.swift */ = {isa = PBXFileReference; lastKnownFileType = sourcecode.swift; path = NoteDebugButtons.swift; sourceTree = "<group>"; };
		2FD840572C3D71DD0030C443 /* PantryProto.app */ = {isa = PBXFileReference; explicitFileType = wrapper.application; includeInIndex = 0; path = PantryProto.app; sourceTree = BUILT_PRODUCTS_DIR; };
		2FD840582C3D71DD0030C443 /* PantryPal copy-Info.plist */ = {isa = PBXFileReference; lastKnownFileType = text.plist.xml; name = "PantryPal copy-Info.plist"; path = "/Users/nabbit/Library/CloudStorage/OneDrive-Personal/Development/Repositories/PantryPal/PantryPal copy-Info.plist"; sourceTree = "<absolute>"; };
		2FD840592C3F0D780030C443 /* ItemUndoButton.swift */ = {isa = PBXFileReference; lastKnownFileType = sourcecode.swift; path = ItemUndoButton.swift; sourceTree = "<group>"; };
		2FE1834C2B03E2E000F7CEF7 /* BiometricService.swift */ = {isa = PBXFileReference; lastKnownFileType = sourcecode.swift; path = BiometricService.swift; sourceTree = "<group>"; };
		2FE1834E2B03E35000F7CEF7 /* BiometricStore.swift */ = {isa = PBXFileReference; lastKnownFileType = sourcecode.swift; path = BiometricStore.swift; sourceTree = "<group>"; };
		2FE183502B03E38C00F7CEF7 /* AuthenticationView.swift */ = {isa = PBXFileReference; lastKnownFileType = sourcecode.swift; path = AuthenticationView.swift; sourceTree = "<group>"; };
		2FE183522B03E96700F7CEF7 /* Info.plist */ = {isa = PBXFileReference; lastKnownFileType = text.plist; path = Info.plist; sourceTree = "<group>"; };
		2FE30D622B04309E00927FC6 /* LoginView.swift */ = {isa = PBXFileReference; lastKnownFileType = sourcecode.swift; path = LoginView.swift; sourceTree = "<group>"; };
		2FEF11172B44B7B40066DE69 /* AppLogoView.swift */ = {isa = PBXFileReference; lastKnownFileType = sourcecode.swift; path = AppLogoView.swift; sourceTree = "<group>"; };
		2FEF11192B44B9340066DE69 /* basket.png */ = {isa = PBXFileReference; lastKnownFileType = image.png; path = basket.png; sourceTree = "<group>"; };
		2FEF111B2B44BB340066DE69 /* app-store-2.png */ = {isa = PBXFileReference; lastKnownFileType = image.png; path = "app-store-2.png"; sourceTree = "<group>"; };
		2FEF111C2B44BB340066DE69 /* app-store.png */ = {isa = PBXFileReference; lastKnownFileType = image.png; path = "app-store.png"; sourceTree = "<group>"; };
		2FF4C2B62B04408800D7700E /* SyncMonitor.swift */ = {isa = PBXFileReference; lastKnownFileType = sourcecode.swift; path = SyncMonitor.swift; sourceTree = "<group>"; };
/* End PBXFileReference section */

/* Begin PBXFrameworksBuildPhase section */
		2FBD25692AF2878300C26DA3 /* Frameworks */ = {
			isa = PBXFrameworksBuildPhase;
			buildActionMask = 2147483647;
			files = (
			);
			runOnlyForDeploymentPostprocessing = 0;
		};
		2FD8404D2C3D71DD0030C443 /* Frameworks */ = {
			isa = PBXFrameworksBuildPhase;
			buildActionMask = 2147483647;
			files = (
			);
			runOnlyForDeploymentPostprocessing = 0;
		};
/* End PBXFrameworksBuildPhase section */

/* Begin PBXGroup section */
		2F66E1552AF3F5E700A007F4 /* Extension */ = {
			isa = PBXGroup;
			children = (
				2FB81D3E2AF30CA300ECD374 /* Binding.swift */,
				2F216D572C333E43008CA3D4 /* Character.swift */,
				2F7F0E252AF96EF700979951 /* Color.swift */,
				2FBD25852AF2C3A600C26DA3 /* Formatter.swift */,
				2FBD25832AF290AE00C26DA3 /* String.swift */,
				2F66E1662AF5671C00A007F4 /* PersistenceController.swift */,
				2F7561462C4484BA008D7BE5 /* View.swift */,
			);
			path = Extension;
			sourceTree = "<group>";
		};
		2F66E1562AF3F64400A007F4 /* View */ = {
			isa = PBXGroup;
			children = (
				2FEF11172B44B7B40066DE69 /* AppLogoView.swift */,
				2FE183502B03E38C00F7CEF7 /* AuthenticationView.swift */,
				2FE30D622B04309E00927FC6 /* LoginView.swift */,
				2FBD25762AF2878300C26DA3 /* ContentView.swift */,
				2F1B6D152AFFCBA600377207 /* ItemRowView.swift */,
				2F1B6D112AFD445A00377207 /* ItemDetailsView.swift */,
				2F66E15B2AF3F7DC00A007F4 /* NewItemView.swift */,
				2F7F0E272AF98BC900979951 /* SettingsView.swift */,
				2F1B6D192B01370100377207 /* NoteRowView.swift */,
				2F1B6D1B2B01371900377207 /* NoteDetailsView.swift */,
				2F1B6CEF2AFBD9C500377207 /* NewNoteView.swift */,
			);
			path = View;
			sourceTree = "<group>";
		};
		2F66E1572AF3F6AD00A007F4 /* ViewComponent */ = {
			isa = PBXGroup;
			children = (
				2F7561482C4490ED008D7BE5 /* Buttons */,
				2F7561492C449118008D7BE5 /* Views */,
				2F75614E2C449548008D7BE5 /* Styles */,
			);
			path = ViewComponent;
			sourceTree = "<group>";
		};
		2F66E1582AF3F6D200A007F4 /* ObservableObject */ = {
			isa = PBXGroup;
			children = (
				2FE1834E2B03E35000F7CEF7 /* BiometricStore.swift */,
				2F1B6D132AFD94FA00377207 /* ItemStore.swift */,
				2F1B6D172B0134C200377207 /* NoteStore.swift */,
				2FF4C2B62B04408800D7700E /* SyncMonitor.swift */,
			);
			path = ObservableObject;
			sourceTree = "<group>";
		};
		2F66E1592AF3F6E100A007F4 /* DataObject */ = {
			isa = PBXGroup;
			children = (
				2FBD25712AF2878300C26DA3 /* Persistence.swift */,
				2F11E04B2C3F1ABC00A3629C /* ItemCache.swift */,
				2F11E04E2C3FF4F500A3629C /* NoteCache.swift */,
				2FE1834C2B03E2E000F7CEF7 /* BiometricService.swift */,
				2FBD25732AF2878300C26DA3 /* Pantry.xcdatamodeld */,
			);
			path = DataObject;
			sourceTree = "<group>";
		};
		2F66E15A2AF3F72200A007F4 /* Shared */ = {
			isa = PBXGroup;
			children = (
				2FBD25782AF2878400C26DA3 /* Assets.xcassets */,
				2FEF111B2B44BB340066DE69 /* app-store-2.png */,
				2FEF111C2B44BB340066DE69 /* app-store.png */,
				2FEF11192B44B9340066DE69 /* basket.png */,
			);
			path = Shared;
			sourceTree = "<group>";
		};
		2F66E15F2AF3F9EE00A007F4 /* Utilies */ = {
			isa = PBXGroup;
			children = (
				2F66E1602AF3FA2300A007F4 /* ButtonStyle.swift */,
				2FA93C012B38555F00A1F994 /* ShakeEffect.swift */,
				2FB558EB2AF3D77F002362AB /* TextEditor.swift */,
				2FCEF3642B168F4700E5DCCA /* UITextField.swift */,
			);
			path = Utilies;
			sourceTree = "<group>";
		};
		2F7561482C4490ED008D7BE5 /* Buttons */ = {
			isa = PBXGroup;
			children = (
				2FCEF3782B1E657800E5DCCA /* EmojiEditLockButton.swift */,
				2FCEF3762B1E64CE00E5DCCA /* ItemDebugButtons.swift */,
				2FCEF37C2B1E70CD00E5DCCA /* SelectAllItemsButton.swift */,
				2FCEF37E2B1E70D900E5DCCA /* ItemDeleteButton.swift */,
				2FA93BFF2B37496500A1F994 /* RestoreQuantityButton.swift */,
				2FD840592C3F0D780030C443 /* ItemUndoButton.swift */,
				2FCEF36D2B1E59A100E5DCCA /* EditModeButton.swift */,
				2FCEF3692B1E1F3700E5DCCA /* SettingsButton.swift */,
				2FCEF3802B1E730C00E5DCCA /* PinnedNotesButton.swift */,
				2FCEF3822B1E739900E5DCCA /* NoteDebugButtons.swift */,
				2FCEF3712B1E601900E5DCCA /* SelectAllNotesButtonView.swift */,
				2FCEF3732B1E614300E5DCCA /* NoteDeleteButton.swift */,
				2F11E0512C402FA800A3629C /* NoteUndoButton.swift */,
			);
			path = Buttons;
			sourceTree = "<group>";
		};
		2F7561492C449118008D7BE5 /* Views */ = {
			isa = PBXGroup;
			children = (
				2F75614A2C44913C008D7BE5 /* TextFieldView.swift */,
			);
			path = Views;
			sourceTree = "<group>";
		};
		2F75614E2C449548008D7BE5 /* Styles */ = {
			isa = PBXGroup;
			children = (
				2F75614C2C4493D0008D7BE5 /* CancelButtonStyle.swift */,
				2F75614F2C449564008D7BE5 /* SaveButtonStyle.swift */,
			);
			path = Styles;
			sourceTree = "<group>";
		};
		2FBD25632AF2878300C26DA3 = {
			isa = PBXGroup;
			children = (
				2FBD256E2AF2878300C26DA3 /* PantryPal */,
				2FBD256D2AF2878300C26DA3 /* Products */,
				2FD840582C3D71DD0030C443 /* PantryPal copy-Info.plist */,
			);
			sourceTree = "<group>";
		};
		2FBD256D2AF2878300C26DA3 /* Products */ = {
			isa = PBXGroup;
			children = (
				2FBD256C2AF2878300C26DA3 /* PantryPal.app */,
				2FD840572C3D71DD0030C443 /* PantryProto.app */,
			);
			name = Products;
			sourceTree = "<group>";
		};
		2FBD256E2AF2878300C26DA3 /* PantryPal */ = {
			isa = PBXGroup;
			children = (
				2FE183522B03E96700F7CEF7 /* Info.plist */,
				2FBD257A2AF2878400C26DA3 /* Pantry.entitlements */,
				2FBD256F2AF2878300C26DA3 /* PantryApp.swift */,
				2F66E1592AF3F6E100A007F4 /* DataObject */,
				2F66E1582AF3F6D200A007F4 /* ObservableObject */,
				2F66E1572AF3F6AD00A007F4 /* ViewComponent */,
				2F66E1562AF3F64400A007F4 /* View */,
				2F66E1552AF3F5E700A007F4 /* Extension */,
				2F66E15F2AF3F9EE00A007F4 /* Utilies */,
				2F66E15A2AF3F72200A007F4 /* Shared */,
				2FBD257B2AF2878400C26DA3 /* Preview Content */,
			);
			path = PantryPal;
			sourceTree = "<group>";
		};
		2FBD257B2AF2878400C26DA3 /* Preview Content */ = {
			isa = PBXGroup;
			children = (
				2FBD257C2AF2878400C26DA3 /* Preview Assets.xcassets */,
			);
			path = "Preview Content";
			sourceTree = "<group>";
		};
/* End PBXGroup section */

/* Begin PBXNativeTarget section */
		2FBD256B2AF2878300C26DA3 /* PantryPal */ = {
			isa = PBXNativeTarget;
			buildConfigurationList = 2FBD25802AF2878400C26DA3 /* Build configuration list for PBXNativeTarget "PantryPal" */;
			buildPhases = (
				2FBD25682AF2878300C26DA3 /* Sources */,
				2FBD25692AF2878300C26DA3 /* Frameworks */,
				2FBD256A2AF2878300C26DA3 /* Resources */,
			);
			buildRules = (
			);
			dependencies = (
			);
			name = PantryPal;
			productName = Pantry;
			productReference = 2FBD256C2AF2878300C26DA3 /* PantryPal.app */;
			productType = "com.apple.product-type.application";
		};
		2FD840222C3D71DD0030C443 /* PantryProto */ = {
			isa = PBXNativeTarget;
			buildConfigurationList = 2FD840542C3D71DD0030C443 /* Build configuration list for PBXNativeTarget "PantryProto" */;
			buildPhases = (
				2FD840232C3D71DD0030C443 /* Sources */,
				2FD8404D2C3D71DD0030C443 /* Frameworks */,
				2FD8404E2C3D71DD0030C443 /* Resources */,
			);
			buildRules = (
			);
			dependencies = (
			);
			name = PantryProto;
			productName = Pantry;
			productReference = 2FD840572C3D71DD0030C443 /* PantryProto.app */;
			productType = "com.apple.product-type.application";
		};
/* End PBXNativeTarget section */

/* Begin PBXProject section */
		2FBD25642AF2878300C26DA3 /* Project object */ = {
			isa = PBXProject;
			attributes = {
				BuildIndependentTargetsInParallel = 1;
				LastSwiftUpdateCheck = 1500;
				LastUpgradeCheck = 1510;
				TargetAttributes = {
					2FBD256B2AF2878300C26DA3 = {
						CreatedOnToolsVersion = 15.0;
					};
				};
			};
			buildConfigurationList = 2FBD25672AF2878300C26DA3 /* Build configuration list for PBXProject "PantryPal" */;
			compatibilityVersion = "Xcode 14.0";
			developmentRegion = en;
			hasScannedForEncodings = 0;
			knownRegions = (
				en,
				Base,
			);
			mainGroup = 2FBD25632AF2878300C26DA3;
			productRefGroup = 2FBD256D2AF2878300C26DA3 /* Products */;
			projectDirPath = "";
			projectRoot = "";
			targets = (
				2FBD256B2AF2878300C26DA3 /* PantryPal */,
				2FD840222C3D71DD0030C443 /* PantryProto */,
			);
		};
/* End PBXProject section */

/* Begin PBXResourcesBuildPhase section */
		2FBD256A2AF2878300C26DA3 /* Resources */ = {
			isa = PBXResourcesBuildPhase;
			buildActionMask = 2147483647;
			files = (
				2FEF111D2B44BB340066DE69 /* app-store-2.png in Resources */,
				2FEF111A2B44B9340066DE69 /* basket.png in Resources */,
				2FBD257D2AF2878400C26DA3 /* Preview Assets.xcassets in Resources */,
				2FEF111E2B44BB340066DE69 /* app-store.png in Resources */,
				2FBD25792AF2878400C26DA3 /* Assets.xcassets in Resources */,
			);
			runOnlyForDeploymentPostprocessing = 0;
		};
		2FD8404E2C3D71DD0030C443 /* Resources */ = {
			isa = PBXResourcesBuildPhase;
			buildActionMask = 2147483647;
			files = (
				2FD8404F2C3D71DD0030C443 /* app-store-2.png in Resources */,
				2FD840502C3D71DD0030C443 /* basket.png in Resources */,
				2FD840512C3D71DD0030C443 /* Preview Assets.xcassets in Resources */,
				2FD840522C3D71DD0030C443 /* app-store.png in Resources */,
				2FD840532C3D71DD0030C443 /* Assets.xcassets in Resources */,
			);
			runOnlyForDeploymentPostprocessing = 0;
		};
/* End PBXResourcesBuildPhase section */

/* Begin PBXSourcesBuildPhase section */
		2FBD25682AF2878300C26DA3 /* Sources */ = {
			isa = PBXSourcesBuildPhase;
			buildActionMask = 2147483647;
			files = (
				2F66E1672AF5671C00A007F4 /* PersistenceController.swift in Sources */,
				2FEF11182B44B7B40066DE69 /* AppLogoView.swift in Sources */,
				2FCEF3832B1E739900E5DCCA /* NoteDebugButtons.swift in Sources */,
				2FCEF3662B168F4700E5DCCA /* UITextField.swift in Sources */,
				2F66E15C2AF3F7DC00A007F4 /* NewItemView.swift in Sources */,
				2FBD25862AF2C3A600C26DA3 /* Formatter.swift in Sources */,
				2FCEF3772B1E64CE00E5DCCA /* ItemDebugButtons.swift in Sources */,
				2FBD25702AF2878300C26DA3 /* PantryApp.swift in Sources */,
				2F1B6CF02AFBD9C500377207 /* NewNoteView.swift in Sources */,
				2FCEF3722B1E601900E5DCCA /* SelectAllNotesButtonView.swift in Sources */,
				2F75614B2C44913C008D7BE5 /* TextFieldView.swift in Sources */,
				2FCEF3812B1E730C00E5DCCA /* PinnedNotesButton.swift in Sources */,
				2F7561502C449564008D7BE5 /* SaveButtonStyle.swift in Sources */,
				2FBD25752AF2878300C26DA3 /* Pantry.xcdatamodeld in Sources */,
				2FCEF3742B1E614300E5DCCA /* NoteDeleteButton.swift in Sources */,
				2F1B6D182B0134C300377207 /* NoteStore.swift in Sources */,
				2FCEF37F2B1E70D900E5DCCA /* ItemDeleteButton.swift in Sources */,
				2FD8405A2C3F0D780030C443 /* ItemUndoButton.swift in Sources */,
				2FB81D3F2AF30CA300ECD374 /* Binding.swift in Sources */,
				2FE1834F2B03E35000F7CEF7 /* BiometricStore.swift in Sources */,
				2F7F0E262AF96EF700979951 /* Color.swift in Sources */,
				2F7F0E282AF98BC900979951 /* SettingsView.swift in Sources */,
				2FE1834D2B03E2E000F7CEF7 /* BiometricService.swift in Sources */,
				2FBD25842AF290AE00C26DA3 /* String.swift in Sources */,
				2FBD25772AF2878300C26DA3 /* ContentView.swift in Sources */,
				2FE30D632B04309E00927FC6 /* LoginView.swift in Sources */,
				2F1B6D162AFFCBA600377207 /* ItemRowView.swift in Sources */,
				2FCEF36A2B1E1F3700E5DCCA /* SettingsButton.swift in Sources */,
				2FBD25722AF2878300C26DA3 /* Persistence.swift in Sources */,
				2F11E0522C402FA800A3629C /* NoteUndoButton.swift in Sources */,
				2FCEF37D2B1E70CD00E5DCCA /* SelectAllItemsButton.swift in Sources */,
				2FB558EC2AF3D77F002362AB /* TextEditor.swift in Sources */,
				2F66E1612AF3FA2300A007F4 /* ButtonStyle.swift in Sources */,
				2FF4C2B72B04408800D7700E /* SyncMonitor.swift in Sources */,
				2F7561472C4484BA008D7BE5 /* View.swift in Sources */,
				2F11E04F2C3FF4F500A3629C /* NoteCache.swift in Sources */,
				2F216D582C333E43008CA3D4 /* Character.swift in Sources */,
				2FCEF3792B1E657800E5DCCA /* EmojiEditLockButton.swift in Sources */,
				2F11E04C2C3F1ABC00A3629C /* ItemCache.swift in Sources */,
				2F1B6D1A2B01370100377207 /* NoteRowView.swift in Sources */,
				2FCEF36E2B1E59A100E5DCCA /* EditModeButton.swift in Sources */,
				2FE183512B03E38C00F7CEF7 /* AuthenticationView.swift in Sources */,
				2F1B6D142AFD94FA00377207 /* ItemStore.swift in Sources */,
				2F1B6D122AFD445A00377207 /* ItemDetailsView.swift in Sources */,
				2FA93C002B37496500A1F994 /* RestoreQuantityButton.swift in Sources */,
				2FA93C022B38555F00A1F994 /* ShakeEffect.swift in Sources */,
				2F75614D2C4493D0008D7BE5 /* CancelButtonStyle.swift in Sources */,
				2F1B6D1C2B01371900377207 /* NoteDetailsView.swift in Sources */,
			);
			runOnlyForDeploymentPostprocessing = 0;
		};
		2FD840232C3D71DD0030C443 /* Sources */ = {
			isa = PBXSourcesBuildPhase;
			buildActionMask = 2147483647;
			files = (
				2FD840242C3D71DD0030C443 /* PersistenceController.swift in Sources */,
				2FD840252C3D71DD0030C443 /* AppLogoView.swift in Sources */,
				2FD840262C3D71DD0030C443 /* NoteDebugButtons.swift in Sources */,
				2FD840272C3D71DD0030C443 /* UITextField.swift in Sources */,
				2FD840282C3D71DD0030C443 /* NewItemView.swift in Sources */,
				2FD840292C3D71DD0030C443 /* Formatter.swift in Sources */,
				2FD8402A2C3D71DD0030C443 /* ItemDebugButtons.swift in Sources */,
				2FD8402B2C3D71DD0030C443 /* PantryApp.swift in Sources */,
				2FD8402C2C3D71DD0030C443 /* NewNoteView.swift in Sources */,
				2FD8402D2C3D71DD0030C443 /* SelectAllNotesButtonView.swift in Sources */,
				2FD8402F2C3D71DD0030C443 /* PinnedNotesButton.swift in Sources */,
				2FD840302C3D71DD0030C443 /* Pantry.xcdatamodeld in Sources */,
				2FD840312C3D71DD0030C443 /* NoteDeleteButton.swift in Sources */,
				2FD840322C3D71DD0030C443 /* NoteStore.swift in Sources */,
				2FD840332C3D71DD0030C443 /* ItemDeleteButton.swift in Sources */,
				2F11E04A2C3F10E300A3629C /* ItemUndoButton.swift in Sources */,
				2FD840342C3D71DD0030C443 /* Binding.swift in Sources */,
				2FD840352C3D71DD0030C443 /* BiometricStore.swift in Sources */,
				2FD840362C3D71DD0030C443 /* Color.swift in Sources */,
				2FD840372C3D71DD0030C443 /* SettingsView.swift in Sources */,
				2FD840382C3D71DD0030C443 /* BiometricService.swift in Sources */,
				2FD840392C3D71DD0030C443 /* String.swift in Sources */,
				2FD8403A2C3D71DD0030C443 /* ContentView.swift in Sources */,
				2FD8403B2C3D71DD0030C443 /* LoginView.swift in Sources */,
				2FD8403C2C3D71DD0030C443 /* ItemRowView.swift in Sources */,
				2FD8403D2C3D71DD0030C443 /* SettingsButton.swift in Sources */,
				2FD8403E2C3D71DD0030C443 /* Persistence.swift in Sources */,
				2F11E0532C402FA800A3629C /* NoteUndoButton.swift in Sources */,
				2FD8403F2C3D71DD0030C443 /* SelectAllItemsButton.swift in Sources */,
				2FD840402C3D71DD0030C443 /* TextEditor.swift in Sources */,
				2FD840412C3D71DD0030C443 /* ButtonStyle.swift in Sources */,
				2FD840422C3D71DD0030C443 /* SyncMonitor.swift in Sources */,
				2F11E0502C3FF4F500A3629C /* NoteCache.swift in Sources */,
				2FD840432C3D71DD0030C443 /* Character.swift in Sources */,
				2FD840442C3D71DD0030C443 /* EmojiEditLockButton.swift in Sources */,
				2F11E04D2C3F1AC000A3629C /* ItemCache.swift in Sources */,
				2FD840452C3D71DD0030C443 /* NoteRowView.swift in Sources */,
				2FD840462C3D71DD0030C443 /* EditModeButton.swift in Sources */,
				2FD840472C3D71DD0030C443 /* AuthenticationView.swift in Sources */,
				2FD840482C3D71DD0030C443 /* ItemStore.swift in Sources */,
				2FD840492C3D71DD0030C443 /* ItemDetailsView.swift in Sources */,
				2FD8404A2C3D71DD0030C443 /* RestoreQuantityButton.swift in Sources */,
				2FD8404B2C3D71DD0030C443 /* ShakeEffect.swift in Sources */,
				2FD8404C2C3D71DD0030C443 /* NoteDetailsView.swift in Sources */,
			);
			runOnlyForDeploymentPostprocessing = 0;
		};
/* End PBXSourcesBuildPhase section */

/* Begin XCBuildConfiguration section */
		2FBD257E2AF2878400C26DA3 /* Debug */ = {
			isa = XCBuildConfiguration;
			buildSettings = {
				ALWAYS_SEARCH_USER_PATHS = NO;
				ASSETCATALOG_COMPILER_GENERATE_SWIFT_ASSET_SYMBOL_EXTENSIONS = YES;
				CLANG_ANALYZER_NONNULL = YES;
				CLANG_ANALYZER_NUMBER_OBJECT_CONVERSION = YES_AGGRESSIVE;
				CLANG_CXX_LANGUAGE_STANDARD = "gnu++20";
				CLANG_ENABLE_MODULES = YES;
				CLANG_ENABLE_OBJC_ARC = YES;
				CLANG_ENABLE_OBJC_WEAK = YES;
				CLANG_WARN_BLOCK_CAPTURE_AUTORELEASING = YES;
				CLANG_WARN_BOOL_CONVERSION = YES;
				CLANG_WARN_COMMA = YES;
				CLANG_WARN_CONSTANT_CONVERSION = YES;
				CLANG_WARN_DEPRECATED_OBJC_IMPLEMENTATIONS = YES;
				CLANG_WARN_DIRECT_OBJC_ISA_USAGE = YES_ERROR;
				CLANG_WARN_DOCUMENTATION_COMMENTS = YES;
				CLANG_WARN_EMPTY_BODY = YES;
				CLANG_WARN_ENUM_CONVERSION = YES;
				CLANG_WARN_INFINITE_RECURSION = YES;
				CLANG_WARN_INT_CONVERSION = YES;
				CLANG_WARN_NON_LITERAL_NULL_CONVERSION = YES;
				CLANG_WARN_OBJC_IMPLICIT_RETAIN_SELF = YES;
				CLANG_WARN_OBJC_LITERAL_CONVERSION = YES;
				CLANG_WARN_OBJC_ROOT_CLASS = YES_ERROR;
				CLANG_WARN_QUOTED_INCLUDE_IN_FRAMEWORK_HEADER = YES;
				CLANG_WARN_RANGE_LOOP_ANALYSIS = YES;
				CLANG_WARN_STRICT_PROTOTYPES = YES;
				CLANG_WARN_SUSPICIOUS_MOVE = YES;
				CLANG_WARN_UNGUARDED_AVAILABILITY = YES_AGGRESSIVE;
				CLANG_WARN_UNREACHABLE_CODE = YES;
				CLANG_WARN__DUPLICATE_METHOD_MATCH = YES;
				COPY_PHASE_STRIP = NO;
				DEAD_CODE_STRIPPING = YES;
				DEBUG_INFORMATION_FORMAT = dwarf;
				ENABLE_STRICT_OBJC_MSGSEND = YES;
				ENABLE_TESTABILITY = YES;
				ENABLE_USER_SCRIPT_SANDBOXING = YES;
				GCC_C_LANGUAGE_STANDARD = gnu17;
				GCC_DYNAMIC_NO_PIC = NO;
				GCC_NO_COMMON_BLOCKS = YES;
				GCC_OPTIMIZATION_LEVEL = 0;
				GCC_PREPROCESSOR_DEFINITIONS = (
					"DEBUG=1",
					"$(inherited)",
				);
				GCC_WARN_64_TO_32_BIT_CONVERSION = YES;
				GCC_WARN_ABOUT_RETURN_TYPE = YES_ERROR;
				GCC_WARN_UNDECLARED_SELECTOR = YES;
				GCC_WARN_UNINITIALIZED_AUTOS = YES_AGGRESSIVE;
				GCC_WARN_UNUSED_FUNCTION = YES;
				GCC_WARN_UNUSED_VARIABLE = YES;
				LOCALIZATION_PREFERS_STRING_CATALOGS = YES;
				MTL_ENABLE_DEBUG_INFO = INCLUDE_SOURCE;
				MTL_FAST_MATH = YES;
				ONLY_ACTIVE_ARCH = YES;
				SWIFT_ACTIVE_COMPILATION_CONDITIONS = "DEBUG $(inherited)";
				SWIFT_OPTIMIZATION_LEVEL = "-Onone";
			};
			name = Debug;
		};
		2FBD257F2AF2878400C26DA3 /* Release */ = {
			isa = XCBuildConfiguration;
			buildSettings = {
				ALWAYS_SEARCH_USER_PATHS = NO;
				ASSETCATALOG_COMPILER_GENERATE_SWIFT_ASSET_SYMBOL_EXTENSIONS = YES;
				CLANG_ANALYZER_NONNULL = YES;
				CLANG_ANALYZER_NUMBER_OBJECT_CONVERSION = YES_AGGRESSIVE;
				CLANG_CXX_LANGUAGE_STANDARD = "gnu++20";
				CLANG_ENABLE_MODULES = YES;
				CLANG_ENABLE_OBJC_ARC = YES;
				CLANG_ENABLE_OBJC_WEAK = YES;
				CLANG_WARN_BLOCK_CAPTURE_AUTORELEASING = YES;
				CLANG_WARN_BOOL_CONVERSION = YES;
				CLANG_WARN_COMMA = YES;
				CLANG_WARN_CONSTANT_CONVERSION = YES;
				CLANG_WARN_DEPRECATED_OBJC_IMPLEMENTATIONS = YES;
				CLANG_WARN_DIRECT_OBJC_ISA_USAGE = YES_ERROR;
				CLANG_WARN_DOCUMENTATION_COMMENTS = YES;
				CLANG_WARN_EMPTY_BODY = YES;
				CLANG_WARN_ENUM_CONVERSION = YES;
				CLANG_WARN_INFINITE_RECURSION = YES;
				CLANG_WARN_INT_CONVERSION = YES;
				CLANG_WARN_NON_LITERAL_NULL_CONVERSION = YES;
				CLANG_WARN_OBJC_IMPLICIT_RETAIN_SELF = YES;
				CLANG_WARN_OBJC_LITERAL_CONVERSION = YES;
				CLANG_WARN_OBJC_ROOT_CLASS = YES_ERROR;
				CLANG_WARN_QUOTED_INCLUDE_IN_FRAMEWORK_HEADER = YES;
				CLANG_WARN_RANGE_LOOP_ANALYSIS = YES;
				CLANG_WARN_STRICT_PROTOTYPES = YES;
				CLANG_WARN_SUSPICIOUS_MOVE = YES;
				CLANG_WARN_UNGUARDED_AVAILABILITY = YES_AGGRESSIVE;
				CLANG_WARN_UNREACHABLE_CODE = YES;
				CLANG_WARN__DUPLICATE_METHOD_MATCH = YES;
				COPY_PHASE_STRIP = NO;
				DEAD_CODE_STRIPPING = YES;
				DEBUG_INFORMATION_FORMAT = "dwarf-with-dsym";
				ENABLE_NS_ASSERTIONS = NO;
				ENABLE_STRICT_OBJC_MSGSEND = YES;
				ENABLE_TESTABILITY = NO;
				ENABLE_USER_SCRIPT_SANDBOXING = YES;
				GCC_C_LANGUAGE_STANDARD = gnu17;
				GCC_NO_COMMON_BLOCKS = YES;
				GCC_WARN_64_TO_32_BIT_CONVERSION = YES;
				GCC_WARN_ABOUT_RETURN_TYPE = YES_ERROR;
				GCC_WARN_UNDECLARED_SELECTOR = YES;
				GCC_WARN_UNINITIALIZED_AUTOS = YES_AGGRESSIVE;
				GCC_WARN_UNUSED_FUNCTION = YES;
				GCC_WARN_UNUSED_VARIABLE = YES;
				LOCALIZATION_PREFERS_STRING_CATALOGS = YES;
				MTL_ENABLE_DEBUG_INFO = NO;
				MTL_FAST_MATH = YES;
				ONLY_ACTIVE_ARCH = NO;
				SWIFT_COMPILATION_MODE = wholemodule;
			};
			name = Release;
		};
		2FBD25812AF2878400C26DA3 /* Debug */ = {
			isa = XCBuildConfiguration;
			buildSettings = {
				ASSETCATALOG_COMPILER_APPICON_NAME = AppIcon;
				ASSETCATALOG_COMPILER_GLOBAL_ACCENT_COLOR_NAME = AccentColor;
				CODE_SIGN_ENTITLEMENTS = PantryPal/Pantry.entitlements;
				CODE_SIGN_IDENTITY = "Apple Development";
				CODE_SIGN_STYLE = Automatic;
				CURRENT_PROJECT_VERSION = 0;
				DEAD_CODE_STRIPPING = YES;
				DEVELOPMENT_ASSET_PATHS = "\"PantryPal/Preview Content\"";
				DEVELOPMENT_TEAM = L4UU7WP4CE;
				ENABLE_HARDENED_RUNTIME = YES;
				ENABLE_PREVIEWS = YES;
				GENERATE_INFOPLIST_FILE = YES;
				INFOPLIST_FILE = PantryPal/Info.plist;
				INFOPLIST_KEY_LSApplicationCategoryType = "public.app-category.food-and-drink";
				INFOPLIST_KEY_NSFaceIDUsageDescription = "Access to Biometric Data is required to use Face ID.";
				"INFOPLIST_KEY_UIApplicationSceneManifest_Generation[sdk=iphoneos*]" = YES;
				"INFOPLIST_KEY_UIApplicationSceneManifest_Generation[sdk=iphonesimulator*]" = YES;
				"INFOPLIST_KEY_UIApplicationSupportsIndirectInputEvents[sdk=iphoneos*]" = YES;
				"INFOPLIST_KEY_UIApplicationSupportsIndirectInputEvents[sdk=iphonesimulator*]" = YES;
				"INFOPLIST_KEY_UILaunchScreen_Generation[sdk=iphoneos*]" = YES;
				"INFOPLIST_KEY_UILaunchScreen_Generation[sdk=iphonesimulator*]" = YES;
				"INFOPLIST_KEY_UIStatusBarStyle[sdk=iphoneos*]" = UIStatusBarStyleDefault;
				"INFOPLIST_KEY_UIStatusBarStyle[sdk=iphonesimulator*]" = UIStatusBarStyleDefault;
				INFOPLIST_KEY_UISupportedInterfaceOrientations_iPad = "UIInterfaceOrientationPortrait UIInterfaceOrientationPortraitUpsideDown UIInterfaceOrientationLandscapeLeft UIInterfaceOrientationLandscapeRight";
				INFOPLIST_KEY_UISupportedInterfaceOrientations_iPhone = "UIInterfaceOrientationPortrait UIInterfaceOrientationLandscapeLeft UIInterfaceOrientationLandscapeRight";
				IPHONEOS_DEPLOYMENT_TARGET = 17.0;
				LD_RUNPATH_SEARCH_PATHS = "@executable_path/Frameworks";
				"LD_RUNPATH_SEARCH_PATHS[sdk=macosx*]" = "@executable_path/../Frameworks";
				MACOSX_DEPLOYMENT_TARGET = 14.0;
				MARKETING_VERSION = 1.5;
				PRODUCT_BUNDLE_IDENTIFIER = io.plus1xp.pantry;
				PRODUCT_NAME = "$(TARGET_NAME)";
				PROVISIONING_PROFILE_SPECIFIER = "";
				SDKROOT = auto;
				SUPPORTED_PLATFORMS = "iphoneos iphonesimulator";
				SUPPORTS_MACCATALYST = NO;
				SWIFT_EMIT_LOC_STRINGS = YES;
				SWIFT_VERSION = 5.0;
				TARGETED_DEVICE_FAMILY = "1,2";
			};
			name = Debug;
		};
		2FBD25822AF2878400C26DA3 /* Release */ = {
			isa = XCBuildConfiguration;
			buildSettings = {
				ASSETCATALOG_COMPILER_APPICON_NAME = AppIcon;
				ASSETCATALOG_COMPILER_GLOBAL_ACCENT_COLOR_NAME = AccentColor;
				CODE_SIGN_ENTITLEMENTS = PantryPal/Pantry.entitlements;
				CODE_SIGN_IDENTITY = "Apple Development";
				CODE_SIGN_STYLE = Automatic;
				CURRENT_PROJECT_VERSION = 0;
				DEAD_CODE_STRIPPING = YES;
				DEVELOPMENT_ASSET_PATHS = "\"PantryPal/Preview Content\"";
				DEVELOPMENT_TEAM = L4UU7WP4CE;
				ENABLE_HARDENED_RUNTIME = YES;
				ENABLE_PREVIEWS = YES;
				GENERATE_INFOPLIST_FILE = YES;
				INFOPLIST_FILE = PantryPal/Info.plist;
				INFOPLIST_KEY_LSApplicationCategoryType = "public.app-category.food-and-drink";
				INFOPLIST_KEY_NSFaceIDUsageDescription = "Access to Biometric Data is required to use Face ID.";
				"INFOPLIST_KEY_UIApplicationSceneManifest_Generation[sdk=iphoneos*]" = YES;
				"INFOPLIST_KEY_UIApplicationSceneManifest_Generation[sdk=iphonesimulator*]" = YES;
				"INFOPLIST_KEY_UIApplicationSupportsIndirectInputEvents[sdk=iphoneos*]" = YES;
				"INFOPLIST_KEY_UIApplicationSupportsIndirectInputEvents[sdk=iphonesimulator*]" = YES;
				"INFOPLIST_KEY_UILaunchScreen_Generation[sdk=iphoneos*]" = YES;
				"INFOPLIST_KEY_UILaunchScreen_Generation[sdk=iphonesimulator*]" = YES;
				"INFOPLIST_KEY_UIStatusBarStyle[sdk=iphoneos*]" = UIStatusBarStyleDefault;
				"INFOPLIST_KEY_UIStatusBarStyle[sdk=iphonesimulator*]" = UIStatusBarStyleDefault;
				INFOPLIST_KEY_UISupportedInterfaceOrientations_iPad = "UIInterfaceOrientationPortrait UIInterfaceOrientationPortraitUpsideDown UIInterfaceOrientationLandscapeLeft UIInterfaceOrientationLandscapeRight";
				INFOPLIST_KEY_UISupportedInterfaceOrientations_iPhone = "UIInterfaceOrientationPortrait UIInterfaceOrientationLandscapeLeft UIInterfaceOrientationLandscapeRight";
				IPHONEOS_DEPLOYMENT_TARGET = 17.0;
				LD_RUNPATH_SEARCH_PATHS = "@executable_path/Frameworks";
				"LD_RUNPATH_SEARCH_PATHS[sdk=macosx*]" = "@executable_path/../Frameworks";
				MACOSX_DEPLOYMENT_TARGET = 14.0;
				MARKETING_VERSION = 1.5;
				PRODUCT_BUNDLE_IDENTIFIER = io.plus1xp.pantry;
				PRODUCT_NAME = "$(TARGET_NAME)";
				PROVISIONING_PROFILE_SPECIFIER = "";
				SDKROOT = auto;
				SUPPORTED_PLATFORMS = "iphoneos iphonesimulator";
				SUPPORTS_MACCATALYST = NO;
				SWIFT_EMIT_LOC_STRINGS = YES;
				SWIFT_VERSION = 5.0;
				TARGETED_DEVICE_FAMILY = "1,2";
			};
			name = Release;
		};
		2FD840552C3D71DD0030C443 /* Debug */ = {
			isa = XCBuildConfiguration;
			buildSettings = {
				ASSETCATALOG_COMPILER_APPICON_NAME = AppIcon4;
				ASSETCATALOG_COMPILER_GLOBAL_ACCENT_COLOR_NAME = AccentColor;
				CODE_SIGN_ENTITLEMENTS = PantryPal/Pantry.entitlements;
				CODE_SIGN_IDENTITY = "Apple Development";
				CODE_SIGN_STYLE = Automatic;
				CURRENT_PROJECT_VERSION = 0;
				DEAD_CODE_STRIPPING = YES;
				DEVELOPMENT_ASSET_PATHS = "\"PantryPal/Preview Content\"";
				DEVELOPMENT_TEAM = L4UU7WP4CE;
				ENABLE_HARDENED_RUNTIME = YES;
				ENABLE_PREVIEWS = YES;
				GENERATE_INFOPLIST_FILE = YES;
				INFOPLIST_FILE = "PantryPal copy-Info.plist";
				INFOPLIST_KEY_LSApplicationCategoryType = "public.app-category.food-and-drink";
				INFOPLIST_KEY_NSFaceIDUsageDescription = "Access to Biometric Data is required to use Face ID.";
				"INFOPLIST_KEY_UIApplicationSceneManifest_Generation[sdk=iphoneos*]" = YES;
				"INFOPLIST_KEY_UIApplicationSceneManifest_Generation[sdk=iphonesimulator*]" = YES;
				"INFOPLIST_KEY_UIApplicationSupportsIndirectInputEvents[sdk=iphoneos*]" = YES;
				"INFOPLIST_KEY_UIApplicationSupportsIndirectInputEvents[sdk=iphonesimulator*]" = YES;
				"INFOPLIST_KEY_UILaunchScreen_Generation[sdk=iphoneos*]" = YES;
				"INFOPLIST_KEY_UILaunchScreen_Generation[sdk=iphonesimulator*]" = YES;
				"INFOPLIST_KEY_UIStatusBarStyle[sdk=iphoneos*]" = UIStatusBarStyleDefault;
				"INFOPLIST_KEY_UIStatusBarStyle[sdk=iphonesimulator*]" = UIStatusBarStyleDefault;
				INFOPLIST_KEY_UISupportedInterfaceOrientations_iPad = "UIInterfaceOrientationPortrait UIInterfaceOrientationPortraitUpsideDown UIInterfaceOrientationLandscapeLeft UIInterfaceOrientationLandscapeRight";
				INFOPLIST_KEY_UISupportedInterfaceOrientations_iPhone = "UIInterfaceOrientationPortrait UIInterfaceOrientationLandscapeLeft UIInterfaceOrientationLandscapeRight";
				IPHONEOS_DEPLOYMENT_TARGET = 17.0;
				LD_RUNPATH_SEARCH_PATHS = "@executable_path/Frameworks";
				"LD_RUNPATH_SEARCH_PATHS[sdk=macosx*]" = "@executable_path/../Frameworks";
				MACOSX_DEPLOYMENT_TARGET = 14.0;
				MARKETING_VERSION = 1.5;
				PRODUCT_BUNDLE_IDENTIFIER = io.plus1xp.pantryproto;
				PRODUCT_NAME = "$(TARGET_NAME)";
				PROVISIONING_PROFILE_SPECIFIER = "";
				SDKROOT = auto;
				SUPPORTED_PLATFORMS = "iphoneos iphonesimulator";
				SUPPORTS_MACCATALYST = NO;
				SWIFT_EMIT_LOC_STRINGS = YES;
				SWIFT_VERSION = 5.0;
				TARGETED_DEVICE_FAMILY = "1,2";
			};
			name = Debug;
		};
		2FD840562C3D71DD0030C443 /* Release */ = {
			isa = XCBuildConfiguration;
			buildSettings = {
				ASSETCATALOG_COMPILER_APPICON_NAME = AppIcon4;
				ASSETCATALOG_COMPILER_GLOBAL_ACCENT_COLOR_NAME = AccentColor;
				CODE_SIGN_ENTITLEMENTS = PantryPal/Pantry.entitlements;
				CODE_SIGN_IDENTITY = "Apple Development";
				CODE_SIGN_STYLE = Automatic;
				CURRENT_PROJECT_VERSION = 0;
				DEAD_CODE_STRIPPING = YES;
				DEVELOPMENT_ASSET_PATHS = "\"PantryPal/Preview Content\"";
				DEVELOPMENT_TEAM = L4UU7WP4CE;
				ENABLE_HARDENED_RUNTIME = YES;
				ENABLE_PREVIEWS = YES;
				GENERATE_INFOPLIST_FILE = YES;
				INFOPLIST_FILE = "PantryPal copy-Info.plist";
				INFOPLIST_KEY_LSApplicationCategoryType = "public.app-category.food-and-drink";
				INFOPLIST_KEY_NSFaceIDUsageDescription = "Access to Biometric Data is required to use Face ID.";
				"INFOPLIST_KEY_UIApplicationSceneManifest_Generation[sdk=iphoneos*]" = YES;
				"INFOPLIST_KEY_UIApplicationSceneManifest_Generation[sdk=iphonesimulator*]" = YES;
				"INFOPLIST_KEY_UIApplicationSupportsIndirectInputEvents[sdk=iphoneos*]" = YES;
				"INFOPLIST_KEY_UIApplicationSupportsIndirectInputEvents[sdk=iphonesimulator*]" = YES;
				"INFOPLIST_KEY_UILaunchScreen_Generation[sdk=iphoneos*]" = YES;
				"INFOPLIST_KEY_UILaunchScreen_Generation[sdk=iphonesimulator*]" = YES;
				"INFOPLIST_KEY_UIStatusBarStyle[sdk=iphoneos*]" = UIStatusBarStyleDefault;
				"INFOPLIST_KEY_UIStatusBarStyle[sdk=iphonesimulator*]" = UIStatusBarStyleDefault;
				INFOPLIST_KEY_UISupportedInterfaceOrientations_iPad = "UIInterfaceOrientationPortrait UIInterfaceOrientationPortraitUpsideDown UIInterfaceOrientationLandscapeLeft UIInterfaceOrientationLandscapeRight";
				INFOPLIST_KEY_UISupportedInterfaceOrientations_iPhone = "UIInterfaceOrientationPortrait UIInterfaceOrientationLandscapeLeft UIInterfaceOrientationLandscapeRight";
				IPHONEOS_DEPLOYMENT_TARGET = 17.0;
				LD_RUNPATH_SEARCH_PATHS = "@executable_path/Frameworks";
				"LD_RUNPATH_SEARCH_PATHS[sdk=macosx*]" = "@executable_path/../Frameworks";
				MACOSX_DEPLOYMENT_TARGET = 14.0;
				MARKETING_VERSION = 1.5;
				PRODUCT_BUNDLE_IDENTIFIER = io.plus1xp.pantryproto;
				PRODUCT_NAME = "$(TARGET_NAME)";
				PROVISIONING_PROFILE_SPECIFIER = "";
				SDKROOT = auto;
				SUPPORTED_PLATFORMS = "iphoneos iphonesimulator";
				SUPPORTS_MACCATALYST = NO;
				SWIFT_EMIT_LOC_STRINGS = YES;
				SWIFT_VERSION = 5.0;
				TARGETED_DEVICE_FAMILY = "1,2";
			};
			name = Release;
		};
/* End XCBuildConfiguration section */

/* Begin XCConfigurationList section */
		2FBD25672AF2878300C26DA3 /* Build configuration list for PBXProject "PantryPal" */ = {
			isa = XCConfigurationList;
			buildConfigurations = (
				2FBD257E2AF2878400C26DA3 /* Debug */,
				2FBD257F2AF2878400C26DA3 /* Release */,
			);
			defaultConfigurationIsVisible = 0;
			defaultConfigurationName = Release;
		};
		2FBD25802AF2878400C26DA3 /* Build configuration list for PBXNativeTarget "PantryPal" */ = {
			isa = XCConfigurationList;
			buildConfigurations = (
				2FBD25812AF2878400C26DA3 /* Debug */,
				2FBD25822AF2878400C26DA3 /* Release */,
			);
			defaultConfigurationIsVisible = 0;
			defaultConfigurationName = Release;
		};
		2FD840542C3D71DD0030C443 /* Build configuration list for PBXNativeTarget "PantryProto" */ = {
			isa = XCConfigurationList;
			buildConfigurations = (
				2FD840552C3D71DD0030C443 /* Debug */,
				2FD840562C3D71DD0030C443 /* Release */,
			);
			defaultConfigurationIsVisible = 0;
			defaultConfigurationName = Release;
		};
/* End XCConfigurationList section */

/* Begin XCVersionGroup section */
		2FBD25732AF2878300C26DA3 /* Pantry.xcdatamodeld */ = {
			isa = XCVersionGroup;
			children = (
				2FBD25742AF2878300C26DA3 /* Pantry.xcdatamodel */,
			);
			currentVersion = 2FBD25742AF2878300C26DA3 /* Pantry.xcdatamodel */;
			path = Pantry.xcdatamodeld;
			sourceTree = "<group>";
			versionGroupType = wrapper.xcdatamodel;
		};
/* End XCVersionGroup section */
	};
	rootObject = 2FBD25642AF2878300C26DA3 /* Project object */;
}
