// !$*UTF8*$!
{
	archiveVersion = 1;
	classes = {
	};
	objectVersion = 56;
	objects = {

/* Begin PBXBuildFile section */
		2F66E15C2AF3F7DC00A007F4 /* NewItemView.swift in Sources */ = {isa = PBXBuildFile; fileRef = 2F66E15B2AF3F7DC00A007F4 /* NewItemView.swift */; };
		2F66E15E2AF3F7E600A007F4 /* EditNotesView.swift in Sources */ = {isa = PBXBuildFile; fileRef = 2F66E15D2AF3F7E600A007F4 /* EditNotesView.swift */; };
		2F66E1612AF3FA2300A007F4 /* ButtonStyle.swift in Sources */ = {isa = PBXBuildFile; fileRef = 2F66E1602AF3FA2300A007F4 /* ButtonStyle.swift */; };
		2F66E1632AF3FA6400A007F4 /* TextField.swift in Sources */ = {isa = PBXBuildFile; fileRef = 2F66E1622AF3FA6400A007F4 /* TextField.swift */; };
		2F66E1652AF3FAB100A007F4 /* EmojiTextField.swift in Sources */ = {isa = PBXBuildFile; fileRef = 2F66E1642AF3FAB100A007F4 /* EmojiTextField.swift */; };
		2F66E1672AF5671C00A007F4 /* PersistenceController.swift in Sources */ = {isa = PBXBuildFile; fileRef = 2F66E1662AF5671C00A007F4 /* PersistenceController.swift */; };
		2F7F0E262AF96EF700979951 /* Color.swift in Sources */ = {isa = PBXBuildFile; fileRef = 2F7F0E252AF96EF700979951 /* Color.swift */; };
		2FB558EC2AF3D77F002362AB /* TextEditor.swift in Sources */ = {isa = PBXBuildFile; fileRef = 2FB558EB2AF3D77F002362AB /* TextEditor.swift */; };
		2FB81D3F2AF30CA300ECD374 /* Binding.swift in Sources */ = {isa = PBXBuildFile; fileRef = 2FB81D3E2AF30CA300ECD374 /* Binding.swift */; };
		2FBD25702AF2878300C26DA3 /* PantryApp.swift in Sources */ = {isa = PBXBuildFile; fileRef = 2FBD256F2AF2878300C26DA3 /* PantryApp.swift */; };
		2FBD25722AF2878300C26DA3 /* Persistence.swift in Sources */ = {isa = PBXBuildFile; fileRef = 2FBD25712AF2878300C26DA3 /* Persistence.swift */; };
		2FBD25752AF2878300C26DA3 /* Pantry.xcdatamodeld in Sources */ = {isa = PBXBuildFile; fileRef = 2FBD25732AF2878300C26DA3 /* Pantry.xcdatamodeld */; };
		2FBD25772AF2878300C26DA3 /* ContentView.swift in Sources */ = {isa = PBXBuildFile; fileRef = 2FBD25762AF2878300C26DA3 /* ContentView.swift */; };
		2FBD25792AF2878400C26DA3 /* Assets.xcassets in Resources */ = {isa = PBXBuildFile; fileRef = 2FBD25782AF2878400C26DA3 /* Assets.xcassets */; };
		2FBD257D2AF2878400C26DA3 /* Preview Assets.xcassets in Resources */ = {isa = PBXBuildFile; fileRef = 2FBD257C2AF2878400C26DA3 /* Preview Assets.xcassets */; };
		2FBD25842AF290AE00C26DA3 /* String.swift in Sources */ = {isa = PBXBuildFile; fileRef = 2FBD25832AF290AE00C26DA3 /* String.swift */; };
		2FBD25862AF2C3A600C26DA3 /* Formatter.swift in Sources */ = {isa = PBXBuildFile; fileRef = 2FBD25852AF2C3A600C26DA3 /* Formatter.swift */; };
/* End PBXBuildFile section */

/* Begin PBXFileReference section */
		2F66E15B2AF3F7DC00A007F4 /* NewItemView.swift */ = {isa = PBXFileReference; lastKnownFileType = sourcecode.swift; path = NewItemView.swift; sourceTree = "<group>"; };
		2F66E15D2AF3F7E600A007F4 /* EditNotesView.swift */ = {isa = PBXFileReference; lastKnownFileType = sourcecode.swift; path = EditNotesView.swift; sourceTree = "<group>"; };
		2F66E1602AF3FA2300A007F4 /* ButtonStyle.swift */ = {isa = PBXFileReference; lastKnownFileType = sourcecode.swift; path = ButtonStyle.swift; sourceTree = "<group>"; };
		2F66E1622AF3FA6400A007F4 /* TextField.swift */ = {isa = PBXFileReference; lastKnownFileType = sourcecode.swift; path = TextField.swift; sourceTree = "<group>"; };
		2F66E1642AF3FAB100A007F4 /* EmojiTextField.swift */ = {isa = PBXFileReference; lastKnownFileType = sourcecode.swift; path = EmojiTextField.swift; sourceTree = "<group>"; };
		2F66E1662AF5671C00A007F4 /* PersistenceController.swift */ = {isa = PBXFileReference; lastKnownFileType = sourcecode.swift; path = PersistenceController.swift; sourceTree = "<group>"; };
		2F7F0E252AF96EF700979951 /* Color.swift */ = {isa = PBXFileReference; lastKnownFileType = sourcecode.swift; path = Color.swift; sourceTree = "<group>"; };
		2FB558EB2AF3D77F002362AB /* TextEditor.swift */ = {isa = PBXFileReference; lastKnownFileType = sourcecode.swift; path = TextEditor.swift; sourceTree = "<group>"; };
		2FB81D3E2AF30CA300ECD374 /* Binding.swift */ = {isa = PBXFileReference; lastKnownFileType = sourcecode.swift; path = Binding.swift; sourceTree = "<group>"; };
		2FBD256C2AF2878300C26DA3 /* Pantry.app */ = {isa = PBXFileReference; explicitFileType = wrapper.application; includeInIndex = 0; path = Pantry.app; sourceTree = BUILT_PRODUCTS_DIR; };
		2FBD256F2AF2878300C26DA3 /* PantryApp.swift */ = {isa = PBXFileReference; lastKnownFileType = sourcecode.swift; path = PantryApp.swift; sourceTree = "<group>"; };
		2FBD25712AF2878300C26DA3 /* Persistence.swift */ = {isa = PBXFileReference; lastKnownFileType = sourcecode.swift; path = Persistence.swift; sourceTree = "<group>"; };
		2FBD25742AF2878300C26DA3 /* Pantry.xcdatamodel */ = {isa = PBXFileReference; lastKnownFileType = wrapper.xcdatamodel; path = Pantry.xcdatamodel; sourceTree = "<group>"; };
		2FBD25762AF2878300C26DA3 /* ContentView.swift */ = {isa = PBXFileReference; lastKnownFileType = sourcecode.swift; path = ContentView.swift; sourceTree = "<group>"; };
		2FBD25782AF2878400C26DA3 /* Assets.xcassets */ = {isa = PBXFileReference; lastKnownFileType = folder.assetcatalog; path = Assets.xcassets; sourceTree = "<group>"; };
		2FBD257A2AF2878400C26DA3 /* Pantry.entitlements */ = {isa = PBXFileReference; lastKnownFileType = text.plist.entitlements; path = Pantry.entitlements; sourceTree = "<group>"; };
		2FBD257C2AF2878400C26DA3 /* Preview Assets.xcassets */ = {isa = PBXFileReference; lastKnownFileType = folder.assetcatalog; path = "Preview Assets.xcassets"; sourceTree = "<group>"; };
		2FBD25832AF290AE00C26DA3 /* String.swift */ = {isa = PBXFileReference; lastKnownFileType = sourcecode.swift; path = String.swift; sourceTree = "<group>"; };
		2FBD25852AF2C3A600C26DA3 /* Formatter.swift */ = {isa = PBXFileReference; lastKnownFileType = sourcecode.swift; path = Formatter.swift; sourceTree = "<group>"; };
/* End PBXFileReference section */

/* Begin PBXFrameworksBuildPhase section */
		2FBD25692AF2878300C26DA3 /* Frameworks */ = {
			isa = PBXFrameworksBuildPhase;
			buildActionMask = 2147483647;
			files = (
			);
			runOnlyForDeploymentPostprocessing = 0;
		};
/* End PBXFrameworksBuildPhase section */

/* Begin PBXGroup section */
		2F66E1552AF3F5E700A007F4 /* Extension */ = {
			isa = PBXGroup;
			children = (
				2FB81D3E2AF30CA300ECD374 /* Binding.swift */,
				2FBD25852AF2C3A600C26DA3 /* Formatter.swift */,
				2FBD25832AF290AE00C26DA3 /* String.swift */,
				2F66E1662AF5671C00A007F4 /* PersistenceController.swift */,
				2F7F0E252AF96EF700979951 /* Color.swift */,
			);
			path = Extension;
			sourceTree = "<group>";
		};
		2F66E1562AF3F64400A007F4 /* View */ = {
			isa = PBXGroup;
			children = (
				2FBD25762AF2878300C26DA3 /* ContentView.swift */,
				2F66E15B2AF3F7DC00A007F4 /* NewItemView.swift */,
				2F66E15D2AF3F7E600A007F4 /* EditNotesView.swift */,
			);
			path = View;
			sourceTree = "<group>";
		};
		2F66E1572AF3F6AD00A007F4 /* ViewComponent */ = {
			isa = PBXGroup;
			children = (
			);
			path = ViewComponent;
			sourceTree = "<group>";
		};
		2F66E1582AF3F6D200A007F4 /* ObservableObject */ = {
			isa = PBXGroup;
			children = (
			);
			path = ObservableObject;
			sourceTree = "<group>";
		};
		2F66E1592AF3F6E100A007F4 /* DataObject */ = {
			isa = PBXGroup;
			children = (
				2FBD25732AF2878300C26DA3 /* Pantry.xcdatamodeld */,
				2FBD25712AF2878300C26DA3 /* Persistence.swift */,
			);
			path = DataObject;
			sourceTree = "<group>";
		};
		2F66E15A2AF3F72200A007F4 /* Shared */ = {
			isa = PBXGroup;
			children = (
				2FBD25782AF2878400C26DA3 /* Assets.xcassets */,
			);
			path = Shared;
			sourceTree = "<group>";
		};
		2F66E15F2AF3F9EE00A007F4 /* Utilies */ = {
			isa = PBXGroup;
			children = (
				2FB558EB2AF3D77F002362AB /* TextEditor.swift */,
				2F66E1602AF3FA2300A007F4 /* ButtonStyle.swift */,
				2F66E1622AF3FA6400A007F4 /* TextField.swift */,
				2F66E1642AF3FAB100A007F4 /* EmojiTextField.swift */,
			);
			path = Utilies;
			sourceTree = "<group>";
		};
		2FBD25632AF2878300C26DA3 = {
			isa = PBXGroup;
			children = (
				2FBD256E2AF2878300C26DA3 /* Pantry */,
				2FBD256D2AF2878300C26DA3 /* Products */,
			);
			sourceTree = "<group>";
		};
		2FBD256D2AF2878300C26DA3 /* Products */ = {
			isa = PBXGroup;
			children = (
				2FBD256C2AF2878300C26DA3 /* Pantry.app */,
			);
			name = Products;
			sourceTree = "<group>";
		};
		2FBD256E2AF2878300C26DA3 /* Pantry */ = {
			isa = PBXGroup;
			children = (
				2FBD257A2AF2878400C26DA3 /* Pantry.entitlements */,
				2FBD256F2AF2878300C26DA3 /* PantryApp.swift */,
				2F66E1592AF3F6E100A007F4 /* DataObject */,
				2F66E1582AF3F6D200A007F4 /* ObservableObject */,
				2F66E1572AF3F6AD00A007F4 /* ViewComponent */,
				2F66E1562AF3F64400A007F4 /* View */,
				2F66E1552AF3F5E700A007F4 /* Extension */,
				2F66E15F2AF3F9EE00A007F4 /* Utilies */,
				2F66E15A2AF3F72200A007F4 /* Shared */,
				2FBD257B2AF2878400C26DA3 /* Preview Content */,
			);
			path = Pantry;
			sourceTree = "<group>";
		};
		2FBD257B2AF2878400C26DA3 /* Preview Content */ = {
			isa = PBXGroup;
			children = (
				2FBD257C2AF2878400C26DA3 /* Preview Assets.xcassets */,
			);
			path = "Preview Content";
			sourceTree = "<group>";
		};
/* End PBXGroup section */

/* Begin PBXNativeTarget section */
		2FBD256B2AF2878300C26DA3 /* Pantry */ = {
			isa = PBXNativeTarget;
			buildConfigurationList = 2FBD25802AF2878400C26DA3 /* Build configuration list for PBXNativeTarget "Pantry" */;
			buildPhases = (
				2FBD25682AF2878300C26DA3 /* Sources */,
				2FBD25692AF2878300C26DA3 /* Frameworks */,
				2FBD256A2AF2878300C26DA3 /* Resources */,
			);
			buildRules = (
			);
			dependencies = (
			);
			name = Pantry;
			productName = Pantry;
			productReference = 2FBD256C2AF2878300C26DA3 /* Pantry.app */;
			productType = "com.apple.product-type.application";
		};
/* End PBXNativeTarget section */

/* Begin PBXProject section */
		2FBD25642AF2878300C26DA3 /* Project object */ = {
			isa = PBXProject;
			attributes = {
				BuildIndependentTargetsInParallel = 1;
				LastSwiftUpdateCheck = 1500;
				LastUpgradeCheck = 1500;
				TargetAttributes = {
					2FBD256B2AF2878300C26DA3 = {
						CreatedOnToolsVersion = 15.0;
					};
				};
			};
			buildConfigurationList = 2FBD25672AF2878300C26DA3 /* Build configuration list for PBXProject "Pantry" */;
			compatibilityVersion = "Xcode 14.0";
			developmentRegion = en;
			hasScannedForEncodings = 0;
			knownRegions = (
				en,
				Base,
			);
			mainGroup = 2FBD25632AF2878300C26DA3;
			productRefGroup = 2FBD256D2AF2878300C26DA3 /* Products */;
			projectDirPath = "";
			projectRoot = "";
			targets = (
				2FBD256B2AF2878300C26DA3 /* Pantry */,
			);
		};
/* End PBXProject section */

/* Begin PBXResourcesBuildPhase section */
		2FBD256A2AF2878300C26DA3 /* Resources */ = {
			isa = PBXResourcesBuildPhase;
			buildActionMask = 2147483647;
			files = (
				2FBD257D2AF2878400C26DA3 /* Preview Assets.xcassets in Resources */,
				2FBD25792AF2878400C26DA3 /* Assets.xcassets in Resources */,
			);
			runOnlyForDeploymentPostprocessing = 0;
		};
/* End PBXResourcesBuildPhase section */

/* Begin PBXSourcesBuildPhase section */
		2FBD25682AF2878300C26DA3 /* Sources */ = {
			isa = PBXSourcesBuildPhase;
			buildActionMask = 2147483647;
			files = (
				2F66E1632AF3FA6400A007F4 /* TextField.swift in Sources */,
				2F66E1672AF5671C00A007F4 /* PersistenceController.swift in Sources */,
				2F66E1652AF3FAB100A007F4 /* EmojiTextField.swift in Sources */,
				2F66E15C2AF3F7DC00A007F4 /* NewItemView.swift in Sources */,
				2FBD25862AF2C3A600C26DA3 /* Formatter.swift in Sources */,
				2FBD25702AF2878300C26DA3 /* PantryApp.swift in Sources */,
				2FBD25752AF2878300C26DA3 /* Pantry.xcdatamodeld in Sources */,
				2FB81D3F2AF30CA300ECD374 /* Binding.swift in Sources */,
				2F7F0E262AF96EF700979951 /* Color.swift in Sources */,
				2FBD25842AF290AE00C26DA3 /* String.swift in Sources */,
				2FBD25772AF2878300C26DA3 /* ContentView.swift in Sources */,
				2FBD25722AF2878300C26DA3 /* Persistence.swift in Sources */,
				2FB558EC2AF3D77F002362AB /* TextEditor.swift in Sources */,
				2F66E1612AF3FA2300A007F4 /* ButtonStyle.swift in Sources */,
				2F66E15E2AF3F7E600A007F4 /* EditNotesView.swift in Sources */,
			);
			runOnlyForDeploymentPostprocessing = 0;
		};
/* End PBXSourcesBuildPhase section */

/* Begin XCBuildConfiguration section */
		2FBD257E2AF2878400C26DA3 /* Debug */ = {
			isa = XCBuildConfiguration;
			buildSettings = {
				ALWAYS_SEARCH_USER_PATHS = NO;
				ASSETCATALOG_COMPILER_GENERATE_SWIFT_ASSET_SYMBOL_EXTENSIONS = YES;
				CLANG_ANALYZER_NONNULL = YES;
				CLANG_ANALYZER_NUMBER_OBJECT_CONVERSION = YES_AGGRESSIVE;
				CLANG_CXX_LANGUAGE_STANDARD = "gnu++20";
				CLANG_ENABLE_MODULES = YES;
				CLANG_ENABLE_OBJC_ARC = YES;
				CLANG_ENABLE_OBJC_WEAK = YES;
				CLANG_WARN_BLOCK_CAPTURE_AUTORELEASING = YES;
				CLANG_WARN_BOOL_CONVERSION = YES;
				CLANG_WARN_COMMA = YES;
				CLANG_WARN_CONSTANT_CONVERSION = YES;
				CLANG_WARN_DEPRECATED_OBJC_IMPLEMENTATIONS = YES;
				CLANG_WARN_DIRECT_OBJC_ISA_USAGE = YES_ERROR;
				CLANG_WARN_DOCUMENTATION_COMMENTS = YES;
				CLANG_WARN_EMPTY_BODY = YES;
				CLANG_WARN_ENUM_CONVERSION = YES;
				CLANG_WARN_INFINITE_RECURSION = YES;
				CLANG_WARN_INT_CONVERSION = YES;
				CLANG_WARN_NON_LITERAL_NULL_CONVERSION = YES;
				CLANG_WARN_OBJC_IMPLICIT_RETAIN_SELF = YES;
				CLANG_WARN_OBJC_LITERAL_CONVERSION = YES;
				CLANG_WARN_OBJC_ROOT_CLASS = YES_ERROR;
				CLANG_WARN_QUOTED_INCLUDE_IN_FRAMEWORK_HEADER = YES;
				CLANG_WARN_RANGE_LOOP_ANALYSIS = YES;
				CLANG_WARN_STRICT_PROTOTYPES = YES;
				CLANG_WARN_SUSPICIOUS_MOVE = YES;
				CLANG_WARN_UNGUARDED_AVAILABILITY = YES_AGGRESSIVE;
				CLANG_WARN_UNREACHABLE_CODE = YES;
				CLANG_WARN__DUPLICATE_METHOD_MATCH = YES;
				COPY_PHASE_STRIP = NO;
				DEBUG_INFORMATION_FORMAT = dwarf;
				ENABLE_STRICT_OBJC_MSGSEND = YES;
				ENABLE_TESTABILITY = YES;
				ENABLE_USER_SCRIPT_SANDBOXING = YES;
				GCC_C_LANGUAGE_STANDARD = gnu17;
				GCC_DYNAMIC_NO_PIC = NO;
				GCC_NO_COMMON_BLOCKS = YES;
				GCC_OPTIMIZATION_LEVEL = 0;
				GCC_PREPROCESSOR_DEFINITIONS = (
					"DEBUG=1",
					"$(inherited)",
				);
				GCC_WARN_64_TO_32_BIT_CONVERSION = YES;
				GCC_WARN_ABOUT_RETURN_TYPE = YES_ERROR;
				GCC_WARN_UNDECLARED_SELECTOR = YES;
				GCC_WARN_UNINITIALIZED_AUTOS = YES_AGGRESSIVE;
				GCC_WARN_UNUSED_FUNCTION = YES;
				GCC_WARN_UNUSED_VARIABLE = YES;
				LOCALIZATION_PREFERS_STRING_CATALOGS = YES;
				MTL_ENABLE_DEBUG_INFO = INCLUDE_SOURCE;
				MTL_FAST_MATH = YES;
				ONLY_ACTIVE_ARCH = YES;
				SWIFT_ACTIVE_COMPILATION_CONDITIONS = "DEBUG $(inherited)";
				SWIFT_OPTIMIZATION_LEVEL = "-Onone";
			};
			name = Debug;
		};
		2FBD257F2AF2878400C26DA3 /* Release */ = {
			isa = XCBuildConfiguration;
			buildSettings = {
				ALWAYS_SEARCH_USER_PATHS = NO;
				ASSETCATALOG_COMPILER_GENERATE_SWIFT_ASSET_SYMBOL_EXTENSIONS = YES;
				CLANG_ANALYZER_NONNULL = YES;
				CLANG_ANALYZER_NUMBER_OBJECT_CONVERSION = YES_AGGRESSIVE;
				CLANG_CXX_LANGUAGE_STANDARD = "gnu++20";
				CLANG_ENABLE_MODULES = YES;
				CLANG_ENABLE_OBJC_ARC = YES;
				CLANG_ENABLE_OBJC_WEAK = YES;
				CLANG_WARN_BLOCK_CAPTURE_AUTORELEASING = YES;
				CLANG_WARN_BOOL_CONVERSION = YES;
				CLANG_WARN_COMMA = YES;
				CLANG_WARN_CONSTANT_CONVERSION = YES;
				CLANG_WARN_DEPRECATED_OBJC_IMPLEMENTATIONS = YES;
				CLANG_WARN_DIRECT_OBJC_ISA_USAGE = YES_ERROR;
				CLANG_WARN_DOCUMENTATION_COMMENTS = YES;
				CLANG_WARN_EMPTY_BODY = YES;
				CLANG_WARN_ENUM_CONVERSION = YES;
				CLANG_WARN_INFINITE_RECURSION = YES;
				CLANG_WARN_INT_CONVERSION = YES;
				CLANG_WARN_NON_LITERAL_NULL_CONVERSION = YES;
				CLANG_WARN_OBJC_IMPLICIT_RETAIN_SELF = YES;
				CLANG_WARN_OBJC_LITERAL_CONVERSION = YES;
				CLANG_WARN_OBJC_ROOT_CLASS = YES_ERROR;
				CLANG_WARN_QUOTED_INCLUDE_IN_FRAMEWORK_HEADER = YES;
				CLANG_WARN_RANGE_LOOP_ANALYSIS = YES;
				CLANG_WARN_STRICT_PROTOTYPES = YES;
				CLANG_WARN_SUSPICIOUS_MOVE = YES;
				CLANG_WARN_UNGUARDED_AVAILABILITY = YES_AGGRESSIVE;
				CLANG_WARN_UNREACHABLE_CODE = YES;
				CLANG_WARN__DUPLICATE_METHOD_MATCH = YES;
				COPY_PHASE_STRIP = NO;
				DEBUG_INFORMATION_FORMAT = "dwarf-with-dsym";
				ENABLE_NS_ASSERTIONS = NO;
				ENABLE_STRICT_OBJC_MSGSEND = YES;
				ENABLE_USER_SCRIPT_SANDBOXING = YES;
				GCC_C_LANGUAGE_STANDARD = gnu17;
				GCC_NO_COMMON_BLOCKS = YES;
				GCC_WARN_64_TO_32_BIT_CONVERSION = YES;
				GCC_WARN_ABOUT_RETURN_TYPE = YES_ERROR;
				GCC_WARN_UNDECLARED_SELECTOR = YES;
				GCC_WARN_UNINITIALIZED_AUTOS = YES_AGGRESSIVE;
				GCC_WARN_UNUSED_FUNCTION = YES;
				GCC_WARN_UNUSED_VARIABLE = YES;
				LOCALIZATION_PREFERS_STRING_CATALOGS = YES;
				MTL_ENABLE_DEBUG_INFO = NO;
				MTL_FAST_MATH = YES;
				SWIFT_COMPILATION_MODE = wholemodule;
			};
			name = Release;
		};
		2FBD25812AF2878400C26DA3 /* Debug */ = {
			isa = XCBuildConfiguration;
			buildSettings = {
				ASSETCATALOG_COMPILER_APPICON_NAME = AppIcon;
				ASSETCATALOG_COMPILER_GLOBAL_ACCENT_COLOR_NAME = AccentColor;
				CODE_SIGN_ENTITLEMENTS = Pantry/Pantry.entitlements;
				CODE_SIGN_STYLE = Automatic;
				CURRENT_PROJECT_VERSION = 1;
				DEVELOPMENT_ASSET_PATHS = "\"Pantry/Preview Content\"";
				DEVELOPMENT_TEAM = L4UU7WP4CE;
				ENABLE_HARDENED_RUNTIME = YES;
				ENABLE_PREVIEWS = YES;
				GENERATE_INFOPLIST_FILE = YES;
				"INFOPLIST_KEY_UIApplicationSceneManifest_Generation[sdk=iphoneos*]" = YES;
				"INFOPLIST_KEY_UIApplicationSceneManifest_Generation[sdk=iphonesimulator*]" = YES;
				"INFOPLIST_KEY_UIApplicationSupportsIndirectInputEvents[sdk=iphoneos*]" = YES;
				"INFOPLIST_KEY_UIApplicationSupportsIndirectInputEvents[sdk=iphonesimulator*]" = YES;
				"INFOPLIST_KEY_UILaunchScreen_Generation[sdk=iphoneos*]" = YES;
				"INFOPLIST_KEY_UILaunchScreen_Generation[sdk=iphonesimulator*]" = YES;
				"INFOPLIST_KEY_UIStatusBarStyle[sdk=iphoneos*]" = UIStatusBarStyleDefault;
				"INFOPLIST_KEY_UIStatusBarStyle[sdk=iphonesimulator*]" = UIStatusBarStyleDefault;
				INFOPLIST_KEY_UISupportedInterfaceOrientations_iPad = "UIInterfaceOrientationPortrait UIInterfaceOrientationPortraitUpsideDown UIInterfaceOrientationLandscapeLeft UIInterfaceOrientationLandscapeRight";
				INFOPLIST_KEY_UISupportedInterfaceOrientations_iPhone = "UIInterfaceOrientationPortrait UIInterfaceOrientationLandscapeLeft UIInterfaceOrientationLandscapeRight";
				IPHONEOS_DEPLOYMENT_TARGET = 17.0;
				LD_RUNPATH_SEARCH_PATHS = "@executable_path/Frameworks";
				"LD_RUNPATH_SEARCH_PATHS[sdk=macosx*]" = "@executable_path/../Frameworks";
				MACOSX_DEPLOYMENT_TARGET = 14.0;
				MARKETING_VERSION = 1.0;
				PRODUCT_BUNDLE_IDENTIFIER = io.plus1xp.pantry.Pantry;
				PRODUCT_NAME = "$(TARGET_NAME)";
				SDKROOT = auto;
				SUPPORTED_PLATFORMS = "iphoneos iphonesimulator";
				SUPPORTS_MACCATALYST = NO;
				SWIFT_EMIT_LOC_STRINGS = YES;
				SWIFT_VERSION = 5.0;
				TARGETED_DEVICE_FAMILY = "1,2";
			};
			name = Debug;
		};
		2FBD25822AF2878400C26DA3 /* Release */ = {
			isa = XCBuildConfiguration;
			buildSettings = {
				ASSETCATALOG_COMPILER_APPICON_NAME = AppIcon;
				ASSETCATALOG_COMPILER_GLOBAL_ACCENT_COLOR_NAME = AccentColor;
				CODE_SIGN_ENTITLEMENTS = Pantry/Pantry.entitlements;
				CODE_SIGN_STYLE = Automatic;
				CURRENT_PROJECT_VERSION = 1;
				DEVELOPMENT_ASSET_PATHS = "\"Pantry/Preview Content\"";
				DEVELOPMENT_TEAM = L4UU7WP4CE;
				ENABLE_HARDENED_RUNTIME = YES;
				ENABLE_PREVIEWS = YES;
				GENERATE_INFOPLIST_FILE = YES;
				"INFOPLIST_KEY_UIApplicationSceneManifest_Generation[sdk=iphoneos*]" = YES;
				"INFOPLIST_KEY_UIApplicationSceneManifest_Generation[sdk=iphonesimulator*]" = YES;
				"INFOPLIST_KEY_UIApplicationSupportsIndirectInputEvents[sdk=iphoneos*]" = YES;
				"INFOPLIST_KEY_UIApplicationSupportsIndirectInputEvents[sdk=iphonesimulator*]" = YES;
				"INFOPLIST_KEY_UILaunchScreen_Generation[sdk=iphoneos*]" = YES;
				"INFOPLIST_KEY_UILaunchScreen_Generation[sdk=iphonesimulator*]" = YES;
				"INFOPLIST_KEY_UIStatusBarStyle[sdk=iphoneos*]" = UIStatusBarStyleDefault;
				"INFOPLIST_KEY_UIStatusBarStyle[sdk=iphonesimulator*]" = UIStatusBarStyleDefault;
				INFOPLIST_KEY_UISupportedInterfaceOrientations_iPad = "UIInterfaceOrientationPortrait UIInterfaceOrientationPortraitUpsideDown UIInterfaceOrientationLandscapeLeft UIInterfaceOrientationLandscapeRight";
				INFOPLIST_KEY_UISupportedInterfaceOrientations_iPhone = "UIInterfaceOrientationPortrait UIInterfaceOrientationLandscapeLeft UIInterfaceOrientationLandscapeRight";
				IPHONEOS_DEPLOYMENT_TARGET = 17.0;
				LD_RUNPATH_SEARCH_PATHS = "@executable_path/Frameworks";
				"LD_RUNPATH_SEARCH_PATHS[sdk=macosx*]" = "@executable_path/../Frameworks";
				MACOSX_DEPLOYMENT_TARGET = 14.0;
				MARKETING_VERSION = 1.0;
				PRODUCT_BUNDLE_IDENTIFIER = io.plus1xp.pantry.Pantry;
				PRODUCT_NAME = "$(TARGET_NAME)";
				SDKROOT = auto;
				SUPPORTED_PLATFORMS = "iphoneos iphonesimulator";
				SUPPORTS_MACCATALYST = NO;
				SWIFT_EMIT_LOC_STRINGS = YES;
				SWIFT_VERSION = 5.0;
				TARGETED_DEVICE_FAMILY = "1,2";
			};
			name = Release;
		};
/* End XCBuildConfiguration section */

/* Begin XCConfigurationList section */
		2FBD25672AF2878300C26DA3 /* Build configuration list for PBXProject "Pantry" */ = {
			isa = XCConfigurationList;
			buildConfigurations = (
				2FBD257E2AF2878400C26DA3 /* Debug */,
				2FBD257F2AF2878400C26DA3 /* Release */,
			);
			defaultConfigurationIsVisible = 0;
			defaultConfigurationName = Release;
		};
		2FBD25802AF2878400C26DA3 /* Build configuration list for PBXNativeTarget "Pantry" */ = {
			isa = XCConfigurationList;
			buildConfigurations = (
				2FBD25812AF2878400C26DA3 /* Debug */,
				2FBD25822AF2878400C26DA3 /* Release */,
			);
			defaultConfigurationIsVisible = 0;
			defaultConfigurationName = Release;
		};
/* End XCConfigurationList section */

/* Begin XCVersionGroup section */
		2FBD25732AF2878300C26DA3 /* Pantry.xcdatamodeld */ = {
			isa = XCVersionGroup;
			children = (
				2FBD25742AF2878300C26DA3 /* Pantry.xcdatamodel */,
			);
			currentVersion = 2FBD25742AF2878300C26DA3 /* Pantry.xcdatamodel */;
			path = Pantry.xcdatamodeld;
			sourceTree = "<group>";
			versionGroupType = wrapper.xcdatamodel;
		};
/* End XCVersionGroup section */
	};
	rootObject = 2FBD25642AF2878300C26DA3 /* Project object */;
}
